// !$*UTF8*$!
{
	archiveVersion = 1;
	classes = {
	};
	objectVersion = 46;
	objects = {

/* Begin PBXBuildFile section */
		4122A9D22EF6B0EEAF56F5F8 /* Pods_SearchingTechniques_iOSTests.framework in Frameworks */ = {isa = PBXBuildFile; fileRef = F3174DE8364814D3AD54A9BB /* Pods_SearchingTechniques_iOSTests.framework */; };
		4539C1F784849A224AE72238 /* Pods_SearchingTechniques_macOS.framework in Frameworks */ = {isa = PBXBuildFile; fileRef = 2822141AC8A29EDF42B9AC38 /* Pods_SearchingTechniques_macOS.framework */; };
		53BEDBE5B514FD658DC71A87 /* Pods_SearchingTechniques_tvOSTests.framework in Frameworks */ = {isa = PBXBuildFile; fileRef = 7CAA4F98753B235B7D39D7D3 /* Pods_SearchingTechniques_tvOSTests.framework */; };
		54C67A098EC3AB3415C4C91C /* Pods_SearchingTechniques_iOS.framework in Frameworks */ = {isa = PBXBuildFile; fileRef = 3784035FA504E679B60A273F /* Pods_SearchingTechniques_iOS.framework */; };
		85B1EE6CBE0F350BDAEB18C9 /* Pods_SearchingTechniques_tvOS.framework in Frameworks */ = {isa = PBXBuildFile; fileRef = 6690018860AE29E2882787E2 /* Pods_SearchingTechniques_tvOS.framework */; };
		A3CC4A9F3013F75A862FA226 /* Pods_SearchingTechniques_macOSTests.framework in Frameworks */ = {isa = PBXBuildFile; fileRef = EC03B8EB869AB90034DB6287 /* Pods_SearchingTechniques_macOSTests.framework */; };
		A45E98F51F12A8FF00CE18D1 /* SearchingTechniques.framework in Frameworks */ = {isa = PBXBuildFile; fileRef = A45E98EC1F12A8FE00CE18D1 /* SearchingTechniques.framework */; };
		A45E98FC1F12A8FF00CE18D1 /* SearchingTechniques-tvOS.h in Headers */ = {isa = PBXBuildFile; fileRef = A45E98EE1F12A8FE00CE18D1 /* SearchingTechniques-tvOS.h */; settings = {ATTRIBUTES = (Public, ); }; };
		A45E99031F12A96000CE18D1 /* STBinarySearch.m in Sources */ = {isa = PBXBuildFile; fileRef = A4C6929D1F1149290018F4B9 /* STBinarySearch.m */; };
		A45E99041F12A96000CE18D1 /* STInterpolationSearch.m in Sources */ = {isa = PBXBuildFile; fileRef = A4C6929F1F1149290018F4B9 /* STInterpolationSearch.m */; };
		A45E99051F12A96000CE18D1 /* STLinearSearch.m in Sources */ = {isa = PBXBuildFile; fileRef = A4C692A11F1149290018F4B9 /* STLinearSearch.m */; };
		A45E99061F12A96C00CE18D1 /* SearchingTechniques.h in Headers */ = {isa = PBXBuildFile; fileRef = A4C6929B1F1149290018F4B9 /* SearchingTechniques.h */; settings = {ATTRIBUTES = (Public, ); }; };
		A45E99071F12A96C00CE18D1 /* STBinarySearch.h in Headers */ = {isa = PBXBuildFile; fileRef = A4C6929C1F1149290018F4B9 /* STBinarySearch.h */; settings = {ATTRIBUTES = (Public, ); }; };
		A45E99081F12A96C00CE18D1 /* STInterpolationSearch.h in Headers */ = {isa = PBXBuildFile; fileRef = A4C6929E1F1149290018F4B9 /* STInterpolationSearch.h */; settings = {ATTRIBUTES = (Public, ); }; };
		A45E99091F12A96C00CE18D1 /* STLinearSearch.h in Headers */ = {isa = PBXBuildFile; fileRef = A4C692A01F1149290018F4B9 /* STLinearSearch.h */; settings = {ATTRIBUTES = (Public, ); }; };
		A45E990A1F12A98400CE18D1 /* STBinarySearchTests.m in Sources */ = {isa = PBXBuildFile; fileRef = A4C692C81F114AB50018F4B9 /* STBinarySearchTests.m */; };
		A45E990B1F12A98400CE18D1 /* STInterpolationSearchTests.m in Sources */ = {isa = PBXBuildFile; fileRef = A4C692C91F114AB50018F4B9 /* STInterpolationSearchTests.m */; };
		A45E990C1F12A98400CE18D1 /* STLinearSearchTests.m in Sources */ = {isa = PBXBuildFile; fileRef = A4C692CA1F114AB50018F4B9 /* STLinearSearchTests.m */; };
		A45E990E1F12A9CF00CE18D1 /* Info-tvOS.plist in Resources */ = {isa = PBXBuildFile; fileRef = A45E990D1F12A9CF00CE18D1 /* Info-tvOS.plist */; };
		A4685FE51F1567460069BAA8 /* SearchingTechniques-watchOS.h in Headers */ = {isa = PBXBuildFile; fileRef = A4685FE31F1567460069BAA8 /* SearchingTechniques-watchOS.h */; settings = {ATTRIBUTES = (Public, ); }; };
		A4685FE91F1567C50069BAA8 /* STBinarySearch.m in Sources */ = {isa = PBXBuildFile; fileRef = A4C6929D1F1149290018F4B9 /* STBinarySearch.m */; };
		A4685FEA1F1567C50069BAA8 /* STInterpolationSearch.m in Sources */ = {isa = PBXBuildFile; fileRef = A4C6929F1F1149290018F4B9 /* STInterpolationSearch.m */; };
		A4685FEB1F1567C50069BAA8 /* STLinearSearch.m in Sources */ = {isa = PBXBuildFile; fileRef = A4C692A11F1149290018F4B9 /* STLinearSearch.m */; };
		A4685FEC1F1567CE0069BAA8 /* SearchingTechniques.h in Headers */ = {isa = PBXBuildFile; fileRef = A4C6929B1F1149290018F4B9 /* SearchingTechniques.h */; settings = {ATTRIBUTES = (Public, ); }; };
		A4685FED1F1567CE0069BAA8 /* STBinarySearch.h in Headers */ = {isa = PBXBuildFile; fileRef = A4C6929C1F1149290018F4B9 /* STBinarySearch.h */; settings = {ATTRIBUTES = (Public, ); }; };
		A4685FEE1F1567CE0069BAA8 /* STInterpolationSearch.h in Headers */ = {isa = PBXBuildFile; fileRef = A4C6929E1F1149290018F4B9 /* STInterpolationSearch.h */; settings = {ATTRIBUTES = (Public, ); }; };
		A4685FEF1F1567CE0069BAA8 /* STLinearSearch.h in Headers */ = {isa = PBXBuildFile; fileRef = A4C692A01F1149290018F4B9 /* STLinearSearch.h */; settings = {ATTRIBUTES = (Public, ); }; };
		A4C692B01F1149520018F4B9 /* SearchingTechniques.framework in Frameworks */ = {isa = PBXBuildFile; fileRef = A4C692A71F1149520018F4B9 /* SearchingTechniques.framework */; };
		A4C692B71F1149520018F4B9 /* SearchingTecniques-iOS.h in Headers */ = {isa = PBXBuildFile; fileRef = A4C692A91F1149520018F4B9 /* SearchingTecniques-iOS.h */; settings = {ATTRIBUTES = (Public, ); }; };
		A4C692CE1F114AF70018F4B9 /* SearchingTechniques.h in Headers */ = {isa = PBXBuildFile; fileRef = A4C6929B1F1149290018F4B9 /* SearchingTechniques.h */; settings = {ATTRIBUTES = (Public, ); }; };
		A4C692CF1F114AF70018F4B9 /* STBinarySearch.h in Headers */ = {isa = PBXBuildFile; fileRef = A4C6929C1F1149290018F4B9 /* STBinarySearch.h */; settings = {ATTRIBUTES = (Public, ); }; };
		A4C692D01F114AF70018F4B9 /* STInterpolationSearch.h in Headers */ = {isa = PBXBuildFile; fileRef = A4C6929E1F1149290018F4B9 /* STInterpolationSearch.h */; settings = {ATTRIBUTES = (Public, ); }; };
		A4C692D11F114AF70018F4B9 /* STLinearSearch.h in Headers */ = {isa = PBXBuildFile; fileRef = A4C692A01F1149290018F4B9 /* STLinearSearch.h */; settings = {ATTRIBUTES = (Public, ); }; };
		A4C692D21F114B0F0018F4B9 /* STBinarySearchTests.m in Sources */ = {isa = PBXBuildFile; fileRef = A4C692C81F114AB50018F4B9 /* STBinarySearchTests.m */; };
		A4C692D31F114B0F0018F4B9 /* STInterpolationSearchTests.m in Sources */ = {isa = PBXBuildFile; fileRef = A4C692C91F114AB50018F4B9 /* STInterpolationSearchTests.m */; };
		A4C692D41F114B0F0018F4B9 /* STLinearSearchTests.m in Sources */ = {isa = PBXBuildFile; fileRef = A4C692CA1F114AB50018F4B9 /* STLinearSearchTests.m */; };
		A4C692D71F114D040018F4B9 /* STBinarySearch.m in Sources */ = {isa = PBXBuildFile; fileRef = A4C6929D1F1149290018F4B9 /* STBinarySearch.m */; };
		A4C692D81F114D040018F4B9 /* STInterpolationSearch.m in Sources */ = {isa = PBXBuildFile; fileRef = A4C6929F1F1149290018F4B9 /* STInterpolationSearch.m */; };
		A4C692D91F114D040018F4B9 /* STLinearSearch.m in Sources */ = {isa = PBXBuildFile; fileRef = A4C692A11F1149290018F4B9 /* STLinearSearch.m */; };
		A4C692E81F1160570018F4B9 /* SearchingTechniques.framework in Frameworks */ = {isa = PBXBuildFile; fileRef = A4C692DF1F1160570018F4B9 /* SearchingTechniques.framework */; };
		A4C692EF1F1160570018F4B9 /* SearchingTechniques-macOS.h in Headers */ = {isa = PBXBuildFile; fileRef = A4C692E11F1160570018F4B9 /* SearchingTechniques-macOS.h */; settings = {ATTRIBUTES = (Public, ); }; };
		A4C692F61F11607D0018F4B9 /* STBinarySearch.m in Sources */ = {isa = PBXBuildFile; fileRef = A4C6929D1F1149290018F4B9 /* STBinarySearch.m */; };
		A4C692F71F11607D0018F4B9 /* STInterpolationSearch.m in Sources */ = {isa = PBXBuildFile; fileRef = A4C6929F1F1149290018F4B9 /* STInterpolationSearch.m */; };
		A4C692F81F11607D0018F4B9 /* STLinearSearch.m in Sources */ = {isa = PBXBuildFile; fileRef = A4C692A11F1149290018F4B9 /* STLinearSearch.m */; };
		A4C692F91F11608F0018F4B9 /* SearchingTechniques.h in Headers */ = {isa = PBXBuildFile; fileRef = A4C6929B1F1149290018F4B9 /* SearchingTechniques.h */; settings = {ATTRIBUTES = (Public, ); }; };
		A4C692FA1F11608F0018F4B9 /* STBinarySearch.h in Headers */ = {isa = PBXBuildFile; fileRef = A4C6929C1F1149290018F4B9 /* STBinarySearch.h */; settings = {ATTRIBUTES = (Public, ); }; };
		A4C692FB1F11608F0018F4B9 /* STInterpolationSearch.h in Headers */ = {isa = PBXBuildFile; fileRef = A4C6929E1F1149290018F4B9 /* STInterpolationSearch.h */; settings = {ATTRIBUTES = (Public, ); }; };
		A4C692FC1F11608F0018F4B9 /* STLinearSearch.h in Headers */ = {isa = PBXBuildFile; fileRef = A4C692A01F1149290018F4B9 /* STLinearSearch.h */; settings = {ATTRIBUTES = (Public, ); }; };
		A4C692FF1F1161790018F4B9 /* STBinarySearchTests.m in Sources */ = {isa = PBXBuildFile; fileRef = A4C692C81F114AB50018F4B9 /* STBinarySearchTests.m */; };
		A4C693001F1161790018F4B9 /* STInterpolationSearchTests.m in Sources */ = {isa = PBXBuildFile; fileRef = A4C692C91F114AB50018F4B9 /* STInterpolationSearchTests.m */; };
		A4C693011F1161790018F4B9 /* STLinearSearchTests.m in Sources */ = {isa = PBXBuildFile; fileRef = A4C692CA1F114AB50018F4B9 /* STLinearSearchTests.m */; };
/* End PBXBuildFile section */

/* Begin PBXContainerItemProxy section */
		A45E98F61F12A8FF00CE18D1 /* PBXContainerItemProxy */ = {
			isa = PBXContainerItemProxy;
			containerPortal = A485CE7A1F09352700AA9E67 /* Project object */;
			proxyType = 1;
			remoteGlobalIDString = A45E98EB1F12A8FE00CE18D1;
			remoteInfo = "SearchingTechniques-tvOS";
		};
		A4C692B11F1149520018F4B9 /* PBXContainerItemProxy */ = {
			isa = PBXContainerItemProxy;
			containerPortal = A485CE7A1F09352700AA9E67 /* Project object */;
			proxyType = 1;
			remoteGlobalIDString = A4C692A61F1149520018F4B9;
			remoteInfo = "SearchingTecniques-iOS";
		};
		A4C692E91F1160570018F4B9 /* PBXContainerItemProxy */ = {
			isa = PBXContainerItemProxy;
			containerPortal = A485CE7A1F09352700AA9E67 /* Project object */;
			proxyType = 1;
			remoteGlobalIDString = A4C692DE1F1160570018F4B9;
			remoteInfo = "SearchingTechniques-macOS";
		};
/* End PBXContainerItemProxy section */

/* Begin PBXFileReference section */
		008957DFD72E8ED388214E7E /* Pods-SearchingTechniquesTests.debug.xcconfig */ = {isa = PBXFileReference; includeInIndex = 1; lastKnownFileType = text.xcconfig; name = "Pods-SearchingTechniquesTests.debug.xcconfig"; path = "Pods/Target Support Files/Pods-SearchingTechniquesTests/Pods-SearchingTechniquesTests.debug.xcconfig"; sourceTree = "<group>"; };
		193D3EC4027670A25D424A80 /* Pods-SearchingTechniques.debug.xcconfig */ = {isa = PBXFileReference; includeInIndex = 1; lastKnownFileType = text.xcconfig; name = "Pods-SearchingTechniques.debug.xcconfig"; path = "Pods/Target Support Files/Pods-SearchingTechniques/Pods-SearchingTechniques.debug.xcconfig"; sourceTree = "<group>"; };
		245327840A02774B84439082 /* Pods-SearchingTechniques-macOS.release.xcconfig */ = {isa = PBXFileReference; includeInIndex = 1; lastKnownFileType = text.xcconfig; name = "Pods-SearchingTechniques-macOS.release.xcconfig"; path = "Pods/Target Support Files/Pods-SearchingTechniques-macOS/Pods-SearchingTechniques-macOS.release.xcconfig"; sourceTree = "<group>"; };
		2822141AC8A29EDF42B9AC38 /* Pods_SearchingTechniques_macOS.framework */ = {isa = PBXFileReference; explicitFileType = wrapper.framework; includeInIndex = 0; path = Pods_SearchingTechniques_macOS.framework; sourceTree = BUILT_PRODUCTS_DIR; };
		3784035FA504E679B60A273F /* Pods_SearchingTechniques_iOS.framework */ = {isa = PBXFileReference; explicitFileType = wrapper.framework; includeInIndex = 0; path = Pods_SearchingTechniques_iOS.framework; sourceTree = BUILT_PRODUCTS_DIR; };
		4A97D40EDCA78FC523BDB34E /* Pods-SearchingTechniques-macOS.debug.xcconfig */ = {isa = PBXFileReference; includeInIndex = 1; lastKnownFileType = text.xcconfig; name = "Pods-SearchingTechniques-macOS.debug.xcconfig"; path = "Pods/Target Support Files/Pods-SearchingTechniques-macOS/Pods-SearchingTechniques-macOS.debug.xcconfig"; sourceTree = "<group>"; };
		5FB4A51C35351E3F2B104876 /* Pods-SearchingTechniques-iOSTests.release.xcconfig */ = {isa = PBXFileReference; includeInIndex = 1; lastKnownFileType = text.xcconfig; name = "Pods-SearchingTechniques-iOSTests.release.xcconfig"; path = "Pods/Target Support Files/Pods-SearchingTechniques-iOSTests/Pods-SearchingTechniques-iOSTests.release.xcconfig"; sourceTree = "<group>"; };
		6690018860AE29E2882787E2 /* Pods_SearchingTechniques_tvOS.framework */ = {isa = PBXFileReference; explicitFileType = wrapper.framework; includeInIndex = 0; path = Pods_SearchingTechniques_tvOS.framework; sourceTree = BUILT_PRODUCTS_DIR; };
		702D61BFA50317EA8F66F52B /* Pods-SearchingTechniques-iOS.release.xcconfig */ = {isa = PBXFileReference; includeInIndex = 1; lastKnownFileType = text.xcconfig; name = "Pods-SearchingTechniques-iOS.release.xcconfig"; path = "Pods/Target Support Files/Pods-SearchingTechniques-iOS/Pods-SearchingTechniques-iOS.release.xcconfig"; sourceTree = "<group>"; };
		788F5B08BFED266EEE74DFA6 /* Pods_SearchingTechniques.framework */ = {isa = PBXFileReference; explicitFileType = wrapper.framework; includeInIndex = 0; path = Pods_SearchingTechniques.framework; sourceTree = BUILT_PRODUCTS_DIR; };
		7CAA4F98753B235B7D39D7D3 /* Pods_SearchingTechniques_tvOSTests.framework */ = {isa = PBXFileReference; explicitFileType = wrapper.framework; includeInIndex = 0; path = Pods_SearchingTechniques_tvOSTests.framework; sourceTree = BUILT_PRODUCTS_DIR; };
		7CCA39DEC8465A1D733E0FDC /* Pods_SearchingTechniquesTests.framework */ = {isa = PBXFileReference; explicitFileType = wrapper.framework; includeInIndex = 0; path = Pods_SearchingTechniquesTests.framework; sourceTree = BUILT_PRODUCTS_DIR; };
		808CD3A8ACD231EFB5453C6D /* Pods-SearchingTechniques-tvOSTests.debug.xcconfig */ = {isa = PBXFileReference; includeInIndex = 1; lastKnownFileType = text.xcconfig; name = "Pods-SearchingTechniques-tvOSTests.debug.xcconfig"; path = "Pods/Target Support Files/Pods-SearchingTechniques-tvOSTests/Pods-SearchingTechniques-tvOSTests.debug.xcconfig"; sourceTree = "<group>"; };
		A45E98EC1F12A8FE00CE18D1 /* SearchingTechniques.framework */ = {isa = PBXFileReference; explicitFileType = wrapper.framework; includeInIndex = 0; path = SearchingTechniques.framework; sourceTree = BUILT_PRODUCTS_DIR; };
		A45E98EE1F12A8FE00CE18D1 /* SearchingTechniques-tvOS.h */ = {isa = PBXFileReference; lastKnownFileType = sourcecode.c.h; path = "SearchingTechniques-tvOS.h"; sourceTree = "<group>"; };
		A45E98F41F12A8FF00CE18D1 /* SearchingTechniques-tvOSTests.xctest */ = {isa = PBXFileReference; explicitFileType = wrapper.cfbundle; includeInIndex = 0; path = "SearchingTechniques-tvOSTests.xctest"; sourceTree = BUILT_PRODUCTS_DIR; };
		A45E98FB1F12A8FF00CE18D1 /* Info.plist */ = {isa = PBXFileReference; lastKnownFileType = text.plist.xml; path = Info.plist; sourceTree = "<group>"; };
		A45E990D1F12A9CF00CE18D1 /* Info-tvOS.plist */ = {isa = PBXFileReference; fileEncoding = 4; lastKnownFileType = text.plist.xml; name = "Info-tvOS.plist"; path = "Source/Info-tvOS.plist"; sourceTree = "<group>"; };
		A4685FE11F1567460069BAA8 /* SearchingTechniques.framework */ = {isa = PBXFileReference; explicitFileType = wrapper.framework; includeInIndex = 0; path = SearchingTechniques.framework; sourceTree = BUILT_PRODUCTS_DIR; };
		A4685FE31F1567460069BAA8 /* SearchingTechniques-watchOS.h */ = {isa = PBXFileReference; lastKnownFileType = sourcecode.c.h; path = "SearchingTechniques-watchOS.h"; sourceTree = "<group>"; };
		A4C6929B1F1149290018F4B9 /* SearchingTechniques.h */ = {isa = PBXFileReference; lastKnownFileType = sourcecode.c.h; name = SearchingTechniques.h; path = Source/SearchingTechniques.h; sourceTree = "<group>"; };
		A4C6929C1F1149290018F4B9 /* STBinarySearch.h */ = {isa = PBXFileReference; lastKnownFileType = sourcecode.c.h; name = STBinarySearch.h; path = Source/STBinarySearch.h; sourceTree = "<group>"; };
		A4C6929D1F1149290018F4B9 /* STBinarySearch.m */ = {isa = PBXFileReference; lastKnownFileType = sourcecode.c.objc; name = STBinarySearch.m; path = Source/STBinarySearch.m; sourceTree = "<group>"; };
		A4C6929E1F1149290018F4B9 /* STInterpolationSearch.h */ = {isa = PBXFileReference; lastKnownFileType = sourcecode.c.h; name = STInterpolationSearch.h; path = Source/STInterpolationSearch.h; sourceTree = "<group>"; };
		A4C6929F1F1149290018F4B9 /* STInterpolationSearch.m */ = {isa = PBXFileReference; lastKnownFileType = sourcecode.c.objc; name = STInterpolationSearch.m; path = Source/STInterpolationSearch.m; sourceTree = "<group>"; };
		A4C692A01F1149290018F4B9 /* STLinearSearch.h */ = {isa = PBXFileReference; lastKnownFileType = sourcecode.c.h; name = STLinearSearch.h; path = Source/STLinearSearch.h; sourceTree = "<group>"; };
		A4C692A11F1149290018F4B9 /* STLinearSearch.m */ = {isa = PBXFileReference; lastKnownFileType = sourcecode.c.objc; name = STLinearSearch.m; path = Source/STLinearSearch.m; sourceTree = "<group>"; };
		A4C692A71F1149520018F4B9 /* SearchingTechniques.framework */ = {isa = PBXFileReference; explicitFileType = wrapper.framework; includeInIndex = 0; path = SearchingTechniques.framework; sourceTree = BUILT_PRODUCTS_DIR; };
		A4C692A91F1149520018F4B9 /* SearchingTecniques-iOS.h */ = {isa = PBXFileReference; lastKnownFileType = sourcecode.c.h; path = "SearchingTecniques-iOS.h"; sourceTree = "<group>"; };
		A4C692AF1F1149520018F4B9 /* SearchingTechniques-iOSTests.xctest */ = {isa = PBXFileReference; explicitFileType = wrapper.cfbundle; includeInIndex = 0; path = "SearchingTechniques-iOSTests.xctest"; sourceTree = BUILT_PRODUCTS_DIR; };
		A4C692B61F1149520018F4B9 /* Info.plist */ = {isa = PBXFileReference; lastKnownFileType = text.plist.xml; path = Info.plist; sourceTree = "<group>"; };
		A4C692C51F114A380018F4B9 /* Info-iOS.plist */ = {isa = PBXFileReference; fileEncoding = 4; lastKnownFileType = text.plist.xml; name = "Info-iOS.plist"; path = "Source/Info-iOS.plist"; sourceTree = "<group>"; };
		A4C692C81F114AB50018F4B9 /* STBinarySearchTests.m */ = {isa = PBXFileReference; fileEncoding = 4; lastKnownFileType = sourcecode.c.objc; name = STBinarySearchTests.m; path = Test/STBinarySearchTests.m; sourceTree = "<group>"; };
		A4C692C91F114AB50018F4B9 /* STInterpolationSearchTests.m */ = {isa = PBXFileReference; fileEncoding = 4; lastKnownFileType = sourcecode.c.objc; name = STInterpolationSearchTests.m; path = Test/STInterpolationSearchTests.m; sourceTree = "<group>"; };
		A4C692CA1F114AB50018F4B9 /* STLinearSearchTests.m */ = {isa = PBXFileReference; fileEncoding = 4; lastKnownFileType = sourcecode.c.objc; name = STLinearSearchTests.m; path = Test/STLinearSearchTests.m; sourceTree = "<group>"; };
		A4C692DF1F1160570018F4B9 /* SearchingTechniques.framework */ = {isa = PBXFileReference; explicitFileType = wrapper.framework; includeInIndex = 0; path = SearchingTechniques.framework; sourceTree = BUILT_PRODUCTS_DIR; };
		A4C692E11F1160570018F4B9 /* SearchingTechniques-macOS.h */ = {isa = PBXFileReference; lastKnownFileType = sourcecode.c.h; path = "SearchingTechniques-macOS.h"; sourceTree = "<group>"; };
		A4C692E71F1160570018F4B9 /* SearchingTechniques-macOSTests.xctest */ = {isa = PBXFileReference; explicitFileType = wrapper.cfbundle; includeInIndex = 0; path = "SearchingTechniques-macOSTests.xctest"; sourceTree = BUILT_PRODUCTS_DIR; };
		A4C692EE1F1160570018F4B9 /* Info.plist */ = {isa = PBXFileReference; lastKnownFileType = text.plist.xml; path = Info.plist; sourceTree = "<group>"; };
		A4C692FD1F1161490018F4B9 /* Info-macOS.plist */ = {isa = PBXFileReference; fileEncoding = 4; lastKnownFileType = text.plist.xml; name = "Info-macOS.plist"; path = "Source/Info-macOS.plist"; sourceTree = "<group>"; };
		ABB422B62D88739CD3071C75 /* Pods-SearchingTechniquesTests.release.xcconfig */ = {isa = PBXFileReference; includeInIndex = 1; lastKnownFileType = text.xcconfig; name = "Pods-SearchingTechniquesTests.release.xcconfig"; path = "Pods/Target Support Files/Pods-SearchingTechniquesTests/Pods-SearchingTechniquesTests.release.xcconfig"; sourceTree = "<group>"; };
		ADF98847DBA46048E2A8F613 /* Pods-SearchingTechniques.release.xcconfig */ = {isa = PBXFileReference; includeInIndex = 1; lastKnownFileType = text.xcconfig; name = "Pods-SearchingTechniques.release.xcconfig"; path = "Pods/Target Support Files/Pods-SearchingTechniques/Pods-SearchingTechniques.release.xcconfig"; sourceTree = "<group>"; };
		B415CDB7009B376E533E5AD5 /* Pods-SearchingTechniques-tvOSTests.release.xcconfig */ = {isa = PBXFileReference; includeInIndex = 1; lastKnownFileType = text.xcconfig; name = "Pods-SearchingTechniques-tvOSTests.release.xcconfig"; path = "Pods/Target Support Files/Pods-SearchingTechniques-tvOSTests/Pods-SearchingTechniques-tvOSTests.release.xcconfig"; sourceTree = "<group>"; };
		C0F96E4A1504CB91FC89AC99 /* Pods-SearchingTechniques-iOSTests.debug.xcconfig */ = {isa = PBXFileReference; includeInIndex = 1; lastKnownFileType = text.xcconfig; name = "Pods-SearchingTechniques-iOSTests.debug.xcconfig"; path = "Pods/Target Support Files/Pods-SearchingTechniques-iOSTests/Pods-SearchingTechniques-iOSTests.debug.xcconfig"; sourceTree = "<group>"; };
		C1EF09263DC22FA572AC53E4 /* Pods-SearchingTechniques-iOS.debug.xcconfig */ = {isa = PBXFileReference; includeInIndex = 1; lastKnownFileType = text.xcconfig; name = "Pods-SearchingTechniques-iOS.debug.xcconfig"; path = "Pods/Target Support Files/Pods-SearchingTechniques-iOS/Pods-SearchingTechniques-iOS.debug.xcconfig"; sourceTree = "<group>"; };
		C3167DFD886C2A5D5D4FBA57 /* Pods-SearchingTechniques-macOSTests.debug.xcconfig */ = {isa = PBXFileReference; includeInIndex = 1; lastKnownFileType = text.xcconfig; name = "Pods-SearchingTechniques-macOSTests.debug.xcconfig"; path = "Pods/Target Support Files/Pods-SearchingTechniques-macOSTests/Pods-SearchingTechniques-macOSTests.debug.xcconfig"; sourceTree = "<group>"; };
		CA0FFDF356725B7D401D3CDB /* Pods-SearchingTechniques-tvOS.release.xcconfig */ = {isa = PBXFileReference; includeInIndex = 1; lastKnownFileType = text.xcconfig; name = "Pods-SearchingTechniques-tvOS.release.xcconfig"; path = "Pods/Target Support Files/Pods-SearchingTechniques-tvOS/Pods-SearchingTechniques-tvOS.release.xcconfig"; sourceTree = "<group>"; };
		EC03B8EB869AB90034DB6287 /* Pods_SearchingTechniques_macOSTests.framework */ = {isa = PBXFileReference; explicitFileType = wrapper.framework; includeInIndex = 0; path = Pods_SearchingTechniques_macOSTests.framework; sourceTree = BUILT_PRODUCTS_DIR; };
		F1821861143AEFEC89565D5A /* Pods-SearchingTechniques-macOSTests.release.xcconfig */ = {isa = PBXFileReference; includeInIndex = 1; lastKnownFileType = text.xcconfig; name = "Pods-SearchingTechniques-macOSTests.release.xcconfig"; path = "Pods/Target Support Files/Pods-SearchingTechniques-macOSTests/Pods-SearchingTechniques-macOSTests.release.xcconfig"; sourceTree = "<group>"; };
		F1E6B9B416B279F24D0A90E2 /* Pods-SearchingTechniques-tvOS.debug.xcconfig */ = {isa = PBXFileReference; includeInIndex = 1; lastKnownFileType = text.xcconfig; name = "Pods-SearchingTechniques-tvOS.debug.xcconfig"; path = "Pods/Target Support Files/Pods-SearchingTechniques-tvOS/Pods-SearchingTechniques-tvOS.debug.xcconfig"; sourceTree = "<group>"; };
		F3174DE8364814D3AD54A9BB /* Pods_SearchingTechniques_iOSTests.framework */ = {isa = PBXFileReference; explicitFileType = wrapper.framework; includeInIndex = 0; path = Pods_SearchingTechniques_iOSTests.framework; sourceTree = BUILT_PRODUCTS_DIR; };
/* End PBXFileReference section */

/* Begin PBXFrameworksBuildPhase section */
		A45E98E81F12A8FE00CE18D1 /* Frameworks */ = {
			isa = PBXFrameworksBuildPhase;
			buildActionMask = 2147483647;
			files = (
				85B1EE6CBE0F350BDAEB18C9 /* Pods_SearchingTechniques_tvOS.framework in Frameworks */,
			);
			runOnlyForDeploymentPostprocessing = 0;
		};
		A45E98F11F12A8FF00CE18D1 /* Frameworks */ = {
			isa = PBXFrameworksBuildPhase;
			buildActionMask = 2147483647;
			files = (
				A45E98F51F12A8FF00CE18D1 /* SearchingTechniques.framework in Frameworks */,
				53BEDBE5B514FD658DC71A87 /* Pods_SearchingTechniques_tvOSTests.framework in Frameworks */,
			);
			runOnlyForDeploymentPostprocessing = 0;
		};
		A4685FDD1F1567460069BAA8 /* Frameworks */ = {
			isa = PBXFrameworksBuildPhase;
			buildActionMask = 2147483647;
			files = (
			);
			runOnlyForDeploymentPostprocessing = 0;
		};
		A4C692A31F1149520018F4B9 /* Frameworks */ = {
			isa = PBXFrameworksBuildPhase;
			buildActionMask = 2147483647;
			files = (
				54C67A098EC3AB3415C4C91C /* Pods_SearchingTechniques_iOS.framework in Frameworks */,
			);
			runOnlyForDeploymentPostprocessing = 0;
		};
		A4C692AC1F1149520018F4B9 /* Frameworks */ = {
			isa = PBXFrameworksBuildPhase;
			buildActionMask = 2147483647;
			files = (
				A4C692B01F1149520018F4B9 /* SearchingTechniques.framework in Frameworks */,
				4122A9D22EF6B0EEAF56F5F8 /* Pods_SearchingTechniques_iOSTests.framework in Frameworks */,
			);
			runOnlyForDeploymentPostprocessing = 0;
		};
		A4C692DB1F1160570018F4B9 /* Frameworks */ = {
			isa = PBXFrameworksBuildPhase;
			buildActionMask = 2147483647;
			files = (
				4539C1F784849A224AE72238 /* Pods_SearchingTechniques_macOS.framework in Frameworks */,
			);
			runOnlyForDeploymentPostprocessing = 0;
		};
		A4C692E41F1160570018F4B9 /* Frameworks */ = {
			isa = PBXFrameworksBuildPhase;
			buildActionMask = 2147483647;
			files = (
				A4C692E81F1160570018F4B9 /* SearchingTechniques.framework in Frameworks */,
				A3CC4A9F3013F75A862FA226 /* Pods_SearchingTechniques_macOSTests.framework in Frameworks */,
			);
			runOnlyForDeploymentPostprocessing = 0;
		};
/* End PBXFrameworksBuildPhase section */

/* Begin PBXGroup section */
		21842E3C7815553073906560 /* Frameworks */ = {
			isa = PBXGroup;
			children = (
				788F5B08BFED266EEE74DFA6 /* Pods_SearchingTechniques.framework */,
				7CCA39DEC8465A1D733E0FDC /* Pods_SearchingTechniquesTests.framework */,
				3784035FA504E679B60A273F /* Pods_SearchingTechniques_iOS.framework */,
				F3174DE8364814D3AD54A9BB /* Pods_SearchingTechniques_iOSTests.framework */,
				2822141AC8A29EDF42B9AC38 /* Pods_SearchingTechniques_macOS.framework */,
				EC03B8EB869AB90034DB6287 /* Pods_SearchingTechniques_macOSTests.framework */,
				6690018860AE29E2882787E2 /* Pods_SearchingTechniques_tvOS.framework */,
				7CAA4F98753B235B7D39D7D3 /* Pods_SearchingTechniques_tvOSTests.framework */,
			);
			name = Frameworks;
			sourceTree = "<group>";
		};
		87C486EB6EDFB3F480DFE428 /* Pods */ = {
			isa = PBXGroup;
			children = (
				193D3EC4027670A25D424A80 /* Pods-SearchingTechniques.debug.xcconfig */,
				ADF98847DBA46048E2A8F613 /* Pods-SearchingTechniques.release.xcconfig */,
				008957DFD72E8ED388214E7E /* Pods-SearchingTechniquesTests.debug.xcconfig */,
				ABB422B62D88739CD3071C75 /* Pods-SearchingTechniquesTests.release.xcconfig */,
				C1EF09263DC22FA572AC53E4 /* Pods-SearchingTechniques-iOS.debug.xcconfig */,
				702D61BFA50317EA8F66F52B /* Pods-SearchingTechniques-iOS.release.xcconfig */,
				C0F96E4A1504CB91FC89AC99 /* Pods-SearchingTechniques-iOSTests.debug.xcconfig */,
				5FB4A51C35351E3F2B104876 /* Pods-SearchingTechniques-iOSTests.release.xcconfig */,
				4A97D40EDCA78FC523BDB34E /* Pods-SearchingTechniques-macOS.debug.xcconfig */,
				245327840A02774B84439082 /* Pods-SearchingTechniques-macOS.release.xcconfig */,
				C3167DFD886C2A5D5D4FBA57 /* Pods-SearchingTechniques-macOSTests.debug.xcconfig */,
				F1821861143AEFEC89565D5A /* Pods-SearchingTechniques-macOSTests.release.xcconfig */,
				F1E6B9B416B279F24D0A90E2 /* Pods-SearchingTechniques-tvOS.debug.xcconfig */,
				CA0FFDF356725B7D401D3CDB /* Pods-SearchingTechniques-tvOS.release.xcconfig */,
				808CD3A8ACD231EFB5453C6D /* Pods-SearchingTechniques-tvOSTests.debug.xcconfig */,
				B415CDB7009B376E533E5AD5 /* Pods-SearchingTechniques-tvOSTests.release.xcconfig */,
			);
			name = Pods;
			sourceTree = "<group>";
		};
		A45E98ED1F12A8FE00CE18D1 /* SearchingTechniques-tvOS */ = {
			isa = PBXGroup;
			children = (
				A45E98EE1F12A8FE00CE18D1 /* SearchingTechniques-tvOS.h */,
			);
			path = "SearchingTechniques-tvOS";
			sourceTree = "<group>";
		};
		A45E98F81F12A8FF00CE18D1 /* SearchingTechniques-tvOSTests */ = {
			isa = PBXGroup;
			children = (
				A45E98FB1F12A8FF00CE18D1 /* Info.plist */,
			);
			path = "SearchingTechniques-tvOSTests";
			sourceTree = "<group>";
		};
		A4685FE21F1567460069BAA8 /* SearchingTechniques-watchOS */ = {
			isa = PBXGroup;
			children = (
				A4685FE31F1567460069BAA8 /* SearchingTechniques-watchOS.h */,
			);
			path = "SearchingTechniques-watchOS";
			sourceTree = "<group>";
		};
		A485CE791F09352700AA9E67 = {
			isa = PBXGroup;
			children = (
				A4C6929A1F1149090018F4B9 /* Source */,
				A4C692C71F114AA80018F4B9 /* Test */,
				A4C692A81F1149520018F4B9 /* SearchingTecniques-iOS */,
				A4C692B31F1149520018F4B9 /* SearchingTecniques-iOSTests */,
				A4C692E01F1160570018F4B9 /* SearchingTechniques-macOS */,
				A4C692EB1F1160570018F4B9 /* SearchingTechniques-macOSTests */,
				A45E98ED1F12A8FE00CE18D1 /* SearchingTechniques-tvOS */,
				A45E98F81F12A8FF00CE18D1 /* SearchingTechniques-tvOSTests */,
				A4685FE21F1567460069BAA8 /* SearchingTechniques-watchOS */,
				A485CE841F09352800AA9E67 /* Products */,
				87C486EB6EDFB3F480DFE428 /* Pods */,
				21842E3C7815553073906560 /* Frameworks */,
			);
			sourceTree = "<group>";
		};
		A485CE841F09352800AA9E67 /* Products */ = {
			isa = PBXGroup;
			children = (
				A4C692A71F1149520018F4B9 /* SearchingTechniques.framework */,
				A4C692AF1F1149520018F4B9 /* SearchingTechniques-iOSTests.xctest */,
				A4C692DF1F1160570018F4B9 /* SearchingTechniques.framework */,
				A4C692E71F1160570018F4B9 /* SearchingTechniques-macOSTests.xctest */,
				A45E98EC1F12A8FE00CE18D1 /* SearchingTechniques.framework */,
				A45E98F41F12A8FF00CE18D1 /* SearchingTechniques-tvOSTests.xctest */,
				A4685FE11F1567460069BAA8 /* SearchingTechniques.framework */,
			);
			name = Products;
			sourceTree = "<group>";
		};
		A4C6929A1F1149090018F4B9 /* Source */ = {
			isa = PBXGroup;
			children = (
				A45E990D1F12A9CF00CE18D1 /* Info-tvOS.plist */,
				A4C692FD1F1161490018F4B9 /* Info-macOS.plist */,
				A4C692C51F114A380018F4B9 /* Info-iOS.plist */,
				A4C6929B1F1149290018F4B9 /* SearchingTechniques.h */,
				A4C6929C1F1149290018F4B9 /* STBinarySearch.h */,
				A4C6929D1F1149290018F4B9 /* STBinarySearch.m */,
				A4C6929E1F1149290018F4B9 /* STInterpolationSearch.h */,
				A4C6929F1F1149290018F4B9 /* STInterpolationSearch.m */,
				A4C692A01F1149290018F4B9 /* STLinearSearch.h */,
				A4C692A11F1149290018F4B9 /* STLinearSearch.m */,
			);
			name = Source;
			sourceTree = "<group>";
		};
		A4C692A81F1149520018F4B9 /* SearchingTecniques-iOS */ = {
			isa = PBXGroup;
			children = (
				A4C692A91F1149520018F4B9 /* SearchingTecniques-iOS.h */,
			);
			path = "SearchingTecniques-iOS";
			sourceTree = "<group>";
		};
		A4C692B31F1149520018F4B9 /* SearchingTecniques-iOSTests */ = {
			isa = PBXGroup;
			children = (
				A4C692B61F1149520018F4B9 /* Info.plist */,
			);
			path = "SearchingTecniques-iOSTests";
			sourceTree = "<group>";
		};
		A4C692C71F114AA80018F4B9 /* Test */ = {
			isa = PBXGroup;
			children = (
				A4C692C81F114AB50018F4B9 /* STBinarySearchTests.m */,
				A4C692C91F114AB50018F4B9 /* STInterpolationSearchTests.m */,
				A4C692CA1F114AB50018F4B9 /* STLinearSearchTests.m */,
			);
			name = Test;
			sourceTree = "<group>";
		};
		A4C692E01F1160570018F4B9 /* SearchingTechniques-macOS */ = {
			isa = PBXGroup;
			children = (
				A4C692E11F1160570018F4B9 /* SearchingTechniques-macOS.h */,
			);
			path = "SearchingTechniques-macOS";
			sourceTree = "<group>";
		};
		A4C692EB1F1160570018F4B9 /* SearchingTechniques-macOSTests */ = {
			isa = PBXGroup;
			children = (
				A4C692EE1F1160570018F4B9 /* Info.plist */,
			);
			path = "SearchingTechniques-macOSTests";
			sourceTree = "<group>";
		};
/* End PBXGroup section */

/* Begin PBXHeadersBuildPhase section */
		A45E98E91F12A8FE00CE18D1 /* Headers */ = {
			isa = PBXHeadersBuildPhase;
			buildActionMask = 2147483647;
			files = (
				A45E99061F12A96C00CE18D1 /* SearchingTechniques.h in Headers */,
				A45E99071F12A96C00CE18D1 /* STBinarySearch.h in Headers */,
				A45E99081F12A96C00CE18D1 /* STInterpolationSearch.h in Headers */,
				A45E99091F12A96C00CE18D1 /* STLinearSearch.h in Headers */,
				A45E98FC1F12A8FF00CE18D1 /* SearchingTechniques-tvOS.h in Headers */,
			);
			runOnlyForDeploymentPostprocessing = 0;
		};
		A4685FDE1F1567460069BAA8 /* Headers */ = {
			isa = PBXHeadersBuildPhase;
			buildActionMask = 2147483647;
			files = (
				A4685FEC1F1567CE0069BAA8 /* SearchingTechniques.h in Headers */,
				A4685FED1F1567CE0069BAA8 /* STBinarySearch.h in Headers */,
				A4685FEE1F1567CE0069BAA8 /* STInterpolationSearch.h in Headers */,
				A4685FEF1F1567CE0069BAA8 /* STLinearSearch.h in Headers */,
				A4685FE51F1567460069BAA8 /* SearchingTechniques-watchOS.h in Headers */,
			);
			runOnlyForDeploymentPostprocessing = 0;
		};
		A4C692A41F1149520018F4B9 /* Headers */ = {
			isa = PBXHeadersBuildPhase;
			buildActionMask = 2147483647;
			files = (
				A4C692CE1F114AF70018F4B9 /* SearchingTechniques.h in Headers */,
				A4C692CF1F114AF70018F4B9 /* STBinarySearch.h in Headers */,
				A4C692D01F114AF70018F4B9 /* STInterpolationSearch.h in Headers */,
				A4C692D11F114AF70018F4B9 /* STLinearSearch.h in Headers */,
				A4C692B71F1149520018F4B9 /* SearchingTecniques-iOS.h in Headers */,
			);
			runOnlyForDeploymentPostprocessing = 0;
		};
		A4C692DC1F1160570018F4B9 /* Headers */ = {
			isa = PBXHeadersBuildPhase;
			buildActionMask = 2147483647;
			files = (
				A4C692F91F11608F0018F4B9 /* SearchingTechniques.h in Headers */,
				A4C692FA1F11608F0018F4B9 /* STBinarySearch.h in Headers */,
				A4C692FB1F11608F0018F4B9 /* STInterpolationSearch.h in Headers */,
				A4C692FC1F11608F0018F4B9 /* STLinearSearch.h in Headers */,
				A4C692EF1F1160570018F4B9 /* SearchingTechniques-macOS.h in Headers */,
			);
			runOnlyForDeploymentPostprocessing = 0;
		};
/* End PBXHeadersBuildPhase section */

/* Begin PBXNativeTarget section */
		A45E98EB1F12A8FE00CE18D1 /* SearchingTechniques-tvOS */ = {
			isa = PBXNativeTarget;
			buildConfigurationList = A45E99011F12A8FF00CE18D1 /* Build configuration list for PBXNativeTarget "SearchingTechniques-tvOS" */;
			buildPhases = (
				BF827FE477BDE113929615B6 /* [CP] Check Pods Manifest.lock */,
				A45E98E71F12A8FE00CE18D1 /* Sources */,
				A45E98E81F12A8FE00CE18D1 /* Frameworks */,
				A45E98E91F12A8FE00CE18D1 /* Headers */,
				A45E98EA1F12A8FE00CE18D1 /* Resources */,
				C610F4B313FAADF7A71A7D8E /* [CP] Copy Pods Resources */,
			);
			buildRules = (
			);
			dependencies = (
			);
			name = "SearchingTechniques-tvOS";
			productName = "SearchingTechniques-tvOS";
			productReference = A45E98EC1F12A8FE00CE18D1 /* SearchingTechniques.framework */;
			productType = "com.apple.product-type.framework";
		};
		A45E98F31F12A8FF00CE18D1 /* SearchingTechniques-tvOSTests */ = {
			isa = PBXNativeTarget;
			buildConfigurationList = A45E99021F12A8FF00CE18D1 /* Build configuration list for PBXNativeTarget "SearchingTechniques-tvOSTests" */;
			buildPhases = (
				BB5DFDCF768757E0D9647219 /* [CP] Check Pods Manifest.lock */,
				A45E98F01F12A8FF00CE18D1 /* Sources */,
				A45E98F11F12A8FF00CE18D1 /* Frameworks */,
				A45E98F21F12A8FF00CE18D1 /* Resources */,
				B725022B1E7D29F710A7681D /* [CP] Embed Pods Frameworks */,
				9A6D8B3B0A037CC421FBA9F3 /* [CP] Copy Pods Resources */,
			);
			buildRules = (
			);
			dependencies = (
				A45E98F71F12A8FF00CE18D1 /* PBXTargetDependency */,
			);
			name = "SearchingTechniques-tvOSTests";
			productName = "SearchingTechniques-tvOSTests";
			productReference = A45E98F41F12A8FF00CE18D1 /* SearchingTechniques-tvOSTests.xctest */;
			productType = "com.apple.product-type.bundle.unit-test";
		};
		A4685FE01F1567460069BAA8 /* SearchingTechniques-watchOS */ = {
			isa = PBXNativeTarget;
			buildConfigurationList = A4685FE81F1567460069BAA8 /* Build configuration list for PBXNativeTarget "SearchingTechniques-watchOS" */;
			buildPhases = (
				A4685FDC1F1567460069BAA8 /* Sources */,
				A4685FDD1F1567460069BAA8 /* Frameworks */,
				A4685FDE1F1567460069BAA8 /* Headers */,
				A4685FDF1F1567460069BAA8 /* Resources */,
			);
			buildRules = (
			);
			dependencies = (
			);
			name = "SearchingTechniques-watchOS";
			productName = "SearchingTechniques-watchOS";
			productReference = A4685FE11F1567460069BAA8 /* SearchingTechniques.framework */;
			productType = "com.apple.product-type.framework";
		};
		A4C692A61F1149520018F4B9 /* SearchingTechniques-iOS */ = {
			isa = PBXNativeTarget;
			buildConfigurationList = A4C692B81F1149520018F4B9 /* Build configuration list for PBXNativeTarget "SearchingTechniques-iOS" */;
			buildPhases = (
				DC650BA97D4786B4621DF7D1 /* [CP] Check Pods Manifest.lock */,
				A4C692A21F1149520018F4B9 /* Sources */,
				A4C692A31F1149520018F4B9 /* Frameworks */,
				A4C692A41F1149520018F4B9 /* Headers */,
				A4C692A51F1149520018F4B9 /* Resources */,
				D7820AD5459DD3C594021B22 /* [CP] Copy Pods Resources */,
			);
			buildRules = (
			);
			dependencies = (
			);
			name = "SearchingTechniques-iOS";
			productName = "SearchingTecniques-iOS";
			productReference = A4C692A71F1149520018F4B9 /* SearchingTechniques.framework */;
			productType = "com.apple.product-type.framework";
		};
		A4C692AE1F1149520018F4B9 /* SearchingTechniques-iOSTests */ = {
			isa = PBXNativeTarget;
			buildConfigurationList = A4C692BB1F1149520018F4B9 /* Build configuration list for PBXNativeTarget "SearchingTechniques-iOSTests" */;
			buildPhases = (
				98AB3C5C4A4D3EEAA2FE59CF /* [CP] Check Pods Manifest.lock */,
				A4C692AB1F1149520018F4B9 /* Sources */,
				A4C692AC1F1149520018F4B9 /* Frameworks */,
				A4C692AD1F1149520018F4B9 /* Resources */,
				891482CCCA3D34BE4DC52EF1 /* [CP] Embed Pods Frameworks */,
				50D221C7E251C2B638D1F33A /* [CP] Copy Pods Resources */,
			);
			buildRules = (
			);
			dependencies = (
				A4C692B21F1149520018F4B9 /* PBXTargetDependency */,
			);
			name = "SearchingTechniques-iOSTests";
			productName = "SearchingTecniques-iOSTests";
			productReference = A4C692AF1F1149520018F4B9 /* SearchingTechniques-iOSTests.xctest */;
			productType = "com.apple.product-type.bundle.unit-test";
		};
		A4C692DE1F1160570018F4B9 /* SearchingTechniques-macOS */ = {
			isa = PBXNativeTarget;
			buildConfigurationList = A4C692F01F1160570018F4B9 /* Build configuration list for PBXNativeTarget "SearchingTechniques-macOS" */;
			buildPhases = (
				40650CFECA995CEB43FA791E /* [CP] Check Pods Manifest.lock */,
				A4C692DA1F1160570018F4B9 /* Sources */,
				A4C692DB1F1160570018F4B9 /* Frameworks */,
				A4C692DC1F1160570018F4B9 /* Headers */,
				A4C692DD1F1160570018F4B9 /* Resources */,
				A5C7EA25480CCDC7C6E0A93C /* [CP] Copy Pods Resources */,
			);
			buildRules = (
			);
			dependencies = (
			);
			name = "SearchingTechniques-macOS";
			productName = "SearchingTechniques-macOS";
			productReference = A4C692DF1F1160570018F4B9 /* SearchingTechniques.framework */;
			productType = "com.apple.product-type.framework";
		};
		A4C692E61F1160570018F4B9 /* SearchingTechniques-macOSTests */ = {
			isa = PBXNativeTarget;
			buildConfigurationList = A4C692F31F1160570018F4B9 /* Build configuration list for PBXNativeTarget "SearchingTechniques-macOSTests" */;
			buildPhases = (
				E45C75D6A28742DA2491AA5A /* [CP] Check Pods Manifest.lock */,
				A4C692E31F1160570018F4B9 /* Sources */,
				A4C692E41F1160570018F4B9 /* Frameworks */,
				A4C692E51F1160570018F4B9 /* Resources */,
				51C5EB065DEC15FDA69773AC /* [CP] Embed Pods Frameworks */,
				78C9353707317E486B9570EF /* [CP] Copy Pods Resources */,
			);
			buildRules = (
			);
			dependencies = (
				A4C692EA1F1160570018F4B9 /* PBXTargetDependency */,
			);
			name = "SearchingTechniques-macOSTests";
			productName = "SearchingTechniques-macOSTests";
			productReference = A4C692E71F1160570018F4B9 /* SearchingTechniques-macOSTests.xctest */;
			productType = "com.apple.product-type.bundle.unit-test";
		};
/* End PBXNativeTarget section */

/* Begin PBXProject section */
		A485CE7A1F09352700AA9E67 /* Project object */ = {
			isa = PBXProject;
			attributes = {
				LastUpgradeCheck = 0830;
				ORGANIZATIONNAME = "Abdullah Selek";
				TargetAttributes = {
					A45E98EB1F12A8FE00CE18D1 = {
						CreatedOnToolsVersion = 8.3.3;
						ProvisioningStyle = Automatic;
					};
					A45E98F31F12A8FF00CE18D1 = {
						CreatedOnToolsVersion = 8.3.3;
						ProvisioningStyle = Automatic;
					};
					A4685FE01F1567460069BAA8 = {
						CreatedOnToolsVersion = 8.3.3;
						ProvisioningStyle = Automatic;
					};
					A4C692A61F1149520018F4B9 = {
						CreatedOnToolsVersion = 8.3.3;
						ProvisioningStyle = Automatic;
					};
					A4C692AE1F1149520018F4B9 = {
						CreatedOnToolsVersion = 8.3.3;
						ProvisioningStyle = Automatic;
					};
					A4C692DE1F1160570018F4B9 = {
						CreatedOnToolsVersion = 8.3.3;
						ProvisioningStyle = Automatic;
					};
					A4C692E61F1160570018F4B9 = {
						CreatedOnToolsVersion = 8.3.3;
						ProvisioningStyle = Automatic;
					};
				};
			};
			buildConfigurationList = A485CE7D1F09352700AA9E67 /* Build configuration list for PBXProject "SearchingTechniques" */;
			compatibilityVersion = "Xcode 3.2";
			developmentRegion = English;
			hasScannedForEncodings = 0;
			knownRegions = (
				en,
			);
			mainGroup = A485CE791F09352700AA9E67;
			productRefGroup = A485CE841F09352800AA9E67 /* Products */;
			projectDirPath = "";
			projectRoot = "";
			targets = (
				A4C692A61F1149520018F4B9 /* SearchingTechniques-iOS */,
				A4C692AE1F1149520018F4B9 /* SearchingTechniques-iOSTests */,
				A4C692DE1F1160570018F4B9 /* SearchingTechniques-macOS */,
				A4C692E61F1160570018F4B9 /* SearchingTechniques-macOSTests */,
				A45E98EB1F12A8FE00CE18D1 /* SearchingTechniques-tvOS */,
				A45E98F31F12A8FF00CE18D1 /* SearchingTechniques-tvOSTests */,
				A4685FE01F1567460069BAA8 /* SearchingTechniques-watchOS */,
			);
		};
/* End PBXProject section */

/* Begin PBXResourcesBuildPhase section */
		A45E98EA1F12A8FE00CE18D1 /* Resources */ = {
			isa = PBXResourcesBuildPhase;
			buildActionMask = 2147483647;
			files = (
			);
			runOnlyForDeploymentPostprocessing = 0;
		};
		A45E98F21F12A8FF00CE18D1 /* Resources */ = {
			isa = PBXResourcesBuildPhase;
			buildActionMask = 2147483647;
			files = (
			);
			runOnlyForDeploymentPostprocessing = 0;
		};
		A4685FDF1F1567460069BAA8 /* Resources */ = {
			isa = PBXResourcesBuildPhase;
			buildActionMask = 2147483647;
			files = (
			);
			runOnlyForDeploymentPostprocessing = 0;
		};
		A4C692A51F1149520018F4B9 /* Resources */ = {
			isa = PBXResourcesBuildPhase;
			buildActionMask = 2147483647;
			files = (
				A45E990E1F12A9CF00CE18D1 /* Info-tvOS.plist in Resources */,
			);
			runOnlyForDeploymentPostprocessing = 0;
		};
		A4C692AD1F1149520018F4B9 /* Resources */ = {
			isa = PBXResourcesBuildPhase;
			buildActionMask = 2147483647;
			files = (
			);
			runOnlyForDeploymentPostprocessing = 0;
		};
		A4C692DD1F1160570018F4B9 /* Resources */ = {
			isa = PBXResourcesBuildPhase;
			buildActionMask = 2147483647;
			files = (
			);
			runOnlyForDeploymentPostprocessing = 0;
		};
		A4C692E51F1160570018F4B9 /* Resources */ = {
			isa = PBXResourcesBuildPhase;
			buildActionMask = 2147483647;
			files = (
			);
			runOnlyForDeploymentPostprocessing = 0;
		};
/* End PBXResourcesBuildPhase section */

/* Begin PBXShellScriptBuildPhase section */
		40650CFECA995CEB43FA791E /* [CP] Check Pods Manifest.lock */ = {
			isa = PBXShellScriptBuildPhase;
			buildActionMask = 2147483647;
			files = (
			);
			inputPaths = (
			);
			name = "[CP] Check Pods Manifest.lock";
			outputPaths = (
			);
			runOnlyForDeploymentPostprocessing = 0;
			shellPath = /bin/sh;
			shellScript = "diff \"${PODS_PODFILE_DIR_PATH}/Podfile.lock\" \"${PODS_ROOT}/Manifest.lock\" > /dev/null\nif [ $? != 0 ] ; then\n    # print error to STDERR\n    echo \"error: The sandbox is not in sync with the Podfile.lock. Run 'pod install' or update your CocoaPods installation.\" >&2\n    exit 1\nfi\n";
			showEnvVarsInLog = 0;
		};
		50D221C7E251C2B638D1F33A /* [CP] Copy Pods Resources */ = {
			isa = PBXShellScriptBuildPhase;
			buildActionMask = 2147483647;
			files = (
			);
			inputPaths = (
			);
			name = "[CP] Copy Pods Resources";
			outputPaths = (
			);
			runOnlyForDeploymentPostprocessing = 0;
			shellPath = /bin/sh;
			shellScript = "\"${SRCROOT}/Pods/Target Support Files/Pods-SearchingTechniques-iOSTests/Pods-SearchingTechniques-iOSTests-resources.sh\"\n";
			showEnvVarsInLog = 0;
		};
		51C5EB065DEC15FDA69773AC /* [CP] Embed Pods Frameworks */ = {
			isa = PBXShellScriptBuildPhase;
			buildActionMask = 2147483647;
			files = (
			);
			inputPaths = (
			);
			name = "[CP] Embed Pods Frameworks";
			outputPaths = (
			);
			runOnlyForDeploymentPostprocessing = 0;
			shellPath = /bin/sh;
			shellScript = "\"${SRCROOT}/Pods/Target Support Files/Pods-SearchingTechniques-macOSTests/Pods-SearchingTechniques-macOSTests-frameworks.sh\"\n";
			showEnvVarsInLog = 0;
		};
		78C9353707317E486B9570EF /* [CP] Copy Pods Resources */ = {
			isa = PBXShellScriptBuildPhase;
			buildActionMask = 2147483647;
			files = (
			);
			inputPaths = (
			);
			name = "[CP] Copy Pods Resources";
			outputPaths = (
			);
			runOnlyForDeploymentPostprocessing = 0;
			shellPath = /bin/sh;
			shellScript = "\"${SRCROOT}/Pods/Target Support Files/Pods-SearchingTechniques-macOSTests/Pods-SearchingTechniques-macOSTests-resources.sh\"\n";
			showEnvVarsInLog = 0;
		};
		891482CCCA3D34BE4DC52EF1 /* [CP] Embed Pods Frameworks */ = {
			isa = PBXShellScriptBuildPhase;
			buildActionMask = 2147483647;
			files = (
			);
			inputPaths = (
			);
			name = "[CP] Embed Pods Frameworks";
			outputPaths = (
			);
			runOnlyForDeploymentPostprocessing = 0;
			shellPath = /bin/sh;
			shellScript = "\"${SRCROOT}/Pods/Target Support Files/Pods-SearchingTechniques-iOSTests/Pods-SearchingTechniques-iOSTests-frameworks.sh\"\n";
			showEnvVarsInLog = 0;
		};
		98AB3C5C4A4D3EEAA2FE59CF /* [CP] Check Pods Manifest.lock */ = {
			isa = PBXShellScriptBuildPhase;
			buildActionMask = 2147483647;
			files = (
			);
			inputPaths = (
			);
			name = "[CP] Check Pods Manifest.lock";
			outputPaths = (
			);
			runOnlyForDeploymentPostprocessing = 0;
			shellPath = /bin/sh;
			shellScript = "diff \"${PODS_PODFILE_DIR_PATH}/Podfile.lock\" \"${PODS_ROOT}/Manifest.lock\" > /dev/null\nif [ $? != 0 ] ; then\n    # print error to STDERR\n    echo \"error: The sandbox is not in sync with the Podfile.lock. Run 'pod install' or update your CocoaPods installation.\" >&2\n    exit 1\nfi\n";
			showEnvVarsInLog = 0;
		};
		9A6D8B3B0A037CC421FBA9F3 /* [CP] Copy Pods Resources */ = {
			isa = PBXShellScriptBuildPhase;
			buildActionMask = 2147483647;
			files = (
			);
			inputPaths = (
			);
			name = "[CP] Copy Pods Resources";
			outputPaths = (
			);
			runOnlyForDeploymentPostprocessing = 0;
			shellPath = /bin/sh;
			shellScript = "\"${SRCROOT}/Pods/Target Support Files/Pods-SearchingTechniques-tvOSTests/Pods-SearchingTechniques-tvOSTests-resources.sh\"\n";
			showEnvVarsInLog = 0;
		};
		A5C7EA25480CCDC7C6E0A93C /* [CP] Copy Pods Resources */ = {
			isa = PBXShellScriptBuildPhase;
			buildActionMask = 2147483647;
			files = (
			);
			inputPaths = (
			);
			name = "[CP] Copy Pods Resources";
			outputPaths = (
			);
			runOnlyForDeploymentPostprocessing = 0;
			shellPath = /bin/sh;
			shellScript = "\"${SRCROOT}/Pods/Target Support Files/Pods-SearchingTechniques-macOS/Pods-SearchingTechniques-macOS-resources.sh\"\n";
			showEnvVarsInLog = 0;
		};
		B725022B1E7D29F710A7681D /* [CP] Embed Pods Frameworks */ = {
			isa = PBXShellScriptBuildPhase;
			buildActionMask = 2147483647;
			files = (
			);
			inputPaths = (
			);
			name = "[CP] Embed Pods Frameworks";
			outputPaths = (
			);
			runOnlyForDeploymentPostprocessing = 0;
			shellPath = /bin/sh;
			shellScript = "\"${SRCROOT}/Pods/Target Support Files/Pods-SearchingTechniques-tvOSTests/Pods-SearchingTechniques-tvOSTests-frameworks.sh\"\n";
			showEnvVarsInLog = 0;
		};
		BB5DFDCF768757E0D9647219 /* [CP] Check Pods Manifest.lock */ = {
			isa = PBXShellScriptBuildPhase;
			buildActionMask = 2147483647;
			files = (
			);
			inputPaths = (
			);
			name = "[CP] Check Pods Manifest.lock";
			outputPaths = (
			);
			runOnlyForDeploymentPostprocessing = 0;
			shellPath = /bin/sh;
			shellScript = "diff \"${PODS_PODFILE_DIR_PATH}/Podfile.lock\" \"${PODS_ROOT}/Manifest.lock\" > /dev/null\nif [ $? != 0 ] ; then\n    # print error to STDERR\n    echo \"error: The sandbox is not in sync with the Podfile.lock. Run 'pod install' or update your CocoaPods installation.\" >&2\n    exit 1\nfi\n";
			showEnvVarsInLog = 0;
		};
		BF827FE477BDE113929615B6 /* [CP] Check Pods Manifest.lock */ = {
			isa = PBXShellScriptBuildPhase;
			buildActionMask = 2147483647;
			files = (
			);
			inputPaths = (
			);
			name = "[CP] Check Pods Manifest.lock";
			outputPaths = (
			);
			runOnlyForDeploymentPostprocessing = 0;
			shellPath = /bin/sh;
			shellScript = "diff \"${PODS_PODFILE_DIR_PATH}/Podfile.lock\" \"${PODS_ROOT}/Manifest.lock\" > /dev/null\nif [ $? != 0 ] ; then\n    # print error to STDERR\n    echo \"error: The sandbox is not in sync with the Podfile.lock. Run 'pod install' or update your CocoaPods installation.\" >&2\n    exit 1\nfi\n";
			showEnvVarsInLog = 0;
		};
		C610F4B313FAADF7A71A7D8E /* [CP] Copy Pods Resources */ = {
			isa = PBXShellScriptBuildPhase;
			buildActionMask = 2147483647;
			files = (
			);
			inputPaths = (
			);
			name = "[CP] Copy Pods Resources";
			outputPaths = (
			);
			runOnlyForDeploymentPostprocessing = 0;
			shellPath = /bin/sh;
			shellScript = "\"${SRCROOT}/Pods/Target Support Files/Pods-SearchingTechniques-tvOS/Pods-SearchingTechniques-tvOS-resources.sh\"\n";
			showEnvVarsInLog = 0;
		};
		D7820AD5459DD3C594021B22 /* [CP] Copy Pods Resources */ = {
			isa = PBXShellScriptBuildPhase;
			buildActionMask = 2147483647;
			files = (
			);
			inputPaths = (
			);
			name = "[CP] Copy Pods Resources";
			outputPaths = (
			);
			runOnlyForDeploymentPostprocessing = 0;
			shellPath = /bin/sh;
			shellScript = "\"${SRCROOT}/Pods/Target Support Files/Pods-SearchingTechniques-iOS/Pods-SearchingTechniques-iOS-resources.sh\"\n";
			showEnvVarsInLog = 0;
		};
		DC650BA97D4786B4621DF7D1 /* [CP] Check Pods Manifest.lock */ = {
			isa = PBXShellScriptBuildPhase;
			buildActionMask = 2147483647;
			files = (
			);
			inputPaths = (
			);
			name = "[CP] Check Pods Manifest.lock";
			outputPaths = (
			);
			runOnlyForDeploymentPostprocessing = 0;
			shellPath = /bin/sh;
			shellScript = "diff \"${PODS_PODFILE_DIR_PATH}/Podfile.lock\" \"${PODS_ROOT}/Manifest.lock\" > /dev/null\nif [ $? != 0 ] ; then\n    # print error to STDERR\n    echo \"error: The sandbox is not in sync with the Podfile.lock. Run 'pod install' or update your CocoaPods installation.\" >&2\n    exit 1\nfi\n";
			showEnvVarsInLog = 0;
		};
		E45C75D6A28742DA2491AA5A /* [CP] Check Pods Manifest.lock */ = {
			isa = PBXShellScriptBuildPhase;
			buildActionMask = 2147483647;
			files = (
			);
			inputPaths = (
			);
			name = "[CP] Check Pods Manifest.lock";
			outputPaths = (
			);
			runOnlyForDeploymentPostprocessing = 0;
			shellPath = /bin/sh;
			shellScript = "diff \"${PODS_PODFILE_DIR_PATH}/Podfile.lock\" \"${PODS_ROOT}/Manifest.lock\" > /dev/null\nif [ $? != 0 ] ; then\n    # print error to STDERR\n    echo \"error: The sandbox is not in sync with the Podfile.lock. Run 'pod install' or update your CocoaPods installation.\" >&2\n    exit 1\nfi\n";
			showEnvVarsInLog = 0;
		};
/* End PBXShellScriptBuildPhase section */

/* Begin PBXSourcesBuildPhase section */
		A45E98E71F12A8FE00CE18D1 /* Sources */ = {
			isa = PBXSourcesBuildPhase;
			buildActionMask = 2147483647;
			files = (
				A45E99031F12A96000CE18D1 /* STBinarySearch.m in Sources */,
				A45E99041F12A96000CE18D1 /* STInterpolationSearch.m in Sources */,
				A45E99051F12A96000CE18D1 /* STLinearSearch.m in Sources */,
			);
			runOnlyForDeploymentPostprocessing = 0;
		};
		A45E98F01F12A8FF00CE18D1 /* Sources */ = {
			isa = PBXSourcesBuildPhase;
			buildActionMask = 2147483647;
			files = (
				A45E990A1F12A98400CE18D1 /* STBinarySearchTests.m in Sources */,
				A45E990B1F12A98400CE18D1 /* STInterpolationSearchTests.m in Sources */,
				A45E990C1F12A98400CE18D1 /* STLinearSearchTests.m in Sources */,
			);
			runOnlyForDeploymentPostprocessing = 0;
		};
		A4685FDC1F1567460069BAA8 /* Sources */ = {
			isa = PBXSourcesBuildPhase;
			buildActionMask = 2147483647;
			files = (
				A4685FE91F1567C50069BAA8 /* STBinarySearch.m in Sources */,
				A4685FEA1F1567C50069BAA8 /* STInterpolationSearch.m in Sources */,
				A4685FEB1F1567C50069BAA8 /* STLinearSearch.m in Sources */,
			);
			runOnlyForDeploymentPostprocessing = 0;
		};
		A4C692A21F1149520018F4B9 /* Sources */ = {
			isa = PBXSourcesBuildPhase;
			buildActionMask = 2147483647;
			files = (
				A4C692D71F114D040018F4B9 /* STBinarySearch.m in Sources */,
				A4C692D81F114D040018F4B9 /* STInterpolationSearch.m in Sources */,
				A4C692D91F114D040018F4B9 /* STLinearSearch.m in Sources */,
			);
			runOnlyForDeploymentPostprocessing = 0;
		};
		A4C692AB1F1149520018F4B9 /* Sources */ = {
			isa = PBXSourcesBuildPhase;
			buildActionMask = 2147483647;
			files = (
				A4C692D21F114B0F0018F4B9 /* STBinarySearchTests.m in Sources */,
				A4C692D31F114B0F0018F4B9 /* STInterpolationSearchTests.m in Sources */,
				A4C692D41F114B0F0018F4B9 /* STLinearSearchTests.m in Sources */,
			);
			runOnlyForDeploymentPostprocessing = 0;
		};
		A4C692DA1F1160570018F4B9 /* Sources */ = {
			isa = PBXSourcesBuildPhase;
			buildActionMask = 2147483647;
			files = (
				A4C692F61F11607D0018F4B9 /* STBinarySearch.m in Sources */,
				A4C692F71F11607D0018F4B9 /* STInterpolationSearch.m in Sources */,
				A4C692F81F11607D0018F4B9 /* STLinearSearch.m in Sources */,
			);
			runOnlyForDeploymentPostprocessing = 0;
		};
		A4C692E31F1160570018F4B9 /* Sources */ = {
			isa = PBXSourcesBuildPhase;
			buildActionMask = 2147483647;
			files = (
				A4C692FF1F1161790018F4B9 /* STBinarySearchTests.m in Sources */,
				A4C693001F1161790018F4B9 /* STInterpolationSearchTests.m in Sources */,
				A4C693011F1161790018F4B9 /* STLinearSearchTests.m in Sources */,
			);
			runOnlyForDeploymentPostprocessing = 0;
		};
/* End PBXSourcesBuildPhase section */

/* Begin PBXTargetDependency section */
		A45E98F71F12A8FF00CE18D1 /* PBXTargetDependency */ = {
			isa = PBXTargetDependency;
			target = A45E98EB1F12A8FE00CE18D1 /* SearchingTechniques-tvOS */;
			targetProxy = A45E98F61F12A8FF00CE18D1 /* PBXContainerItemProxy */;
		};
		A4C692B21F1149520018F4B9 /* PBXTargetDependency */ = {
			isa = PBXTargetDependency;
			target = A4C692A61F1149520018F4B9 /* SearchingTechniques-iOS */;
			targetProxy = A4C692B11F1149520018F4B9 /* PBXContainerItemProxy */;
		};
		A4C692EA1F1160570018F4B9 /* PBXTargetDependency */ = {
			isa = PBXTargetDependency;
			target = A4C692DE1F1160570018F4B9 /* SearchingTechniques-macOS */;
			targetProxy = A4C692E91F1160570018F4B9 /* PBXContainerItemProxy */;
		};
/* End PBXTargetDependency section */

/* Begin XCBuildConfiguration section */
		A45E98FD1F12A8FF00CE18D1 /* Debug */ = {
			isa = XCBuildConfiguration;
			baseConfigurationReference = F1E6B9B416B279F24D0A90E2 /* Pods-SearchingTechniques-tvOS.debug.xcconfig */;
			buildSettings = {
				CODE_SIGN_IDENTITY = "";
				DEFINES_MODULE = YES;
				DYLIB_COMPATIBILITY_VERSION = 1;
				DYLIB_CURRENT_VERSION = 1;
				DYLIB_INSTALL_NAME_BASE = "@rpath";
				INFOPLIST_FILE = "Source/Info-tvOS.plist";
				INSTALL_PATH = "$(LOCAL_LIBRARY_DIR)/Frameworks";
				LD_RUNPATH_SEARCH_PATHS = "$(inherited) @executable_path/Frameworks @loader_path/Frameworks";
				PRODUCT_BUNDLE_IDENTIFIER = "com.abdullahselek.SearchingTechniques-tvOS";
				PRODUCT_NAME = SearchingTechniques;
				SDKROOT = appletvos;
				SKIP_INSTALL = YES;
				TARGETED_DEVICE_FAMILY = 3;
				TVOS_DEPLOYMENT_TARGET = 9.0;
			};
			name = Debug;
		};
		A45E98FE1F12A8FF00CE18D1 /* Release */ = {
			isa = XCBuildConfiguration;
			baseConfigurationReference = CA0FFDF356725B7D401D3CDB /* Pods-SearchingTechniques-tvOS.release.xcconfig */;
			buildSettings = {
				CODE_SIGN_IDENTITY = "";
				DEFINES_MODULE = YES;
				DYLIB_COMPATIBILITY_VERSION = 1;
				DYLIB_CURRENT_VERSION = 1;
				DYLIB_INSTALL_NAME_BASE = "@rpath";
				INFOPLIST_FILE = "Source/Info-tvOS.plist";
				INSTALL_PATH = "$(LOCAL_LIBRARY_DIR)/Frameworks";
				LD_RUNPATH_SEARCH_PATHS = "$(inherited) @executable_path/Frameworks @loader_path/Frameworks";
				PRODUCT_BUNDLE_IDENTIFIER = "com.abdullahselek.SearchingTechniques-tvOS";
				PRODUCT_NAME = SearchingTechniques;
				SDKROOT = appletvos;
				SKIP_INSTALL = YES;
				TARGETED_DEVICE_FAMILY = 3;
				TVOS_DEPLOYMENT_TARGET = 9.0;
			};
			name = Release;
		};
		A45E98FF1F12A8FF00CE18D1 /* Debug */ = {
			isa = XCBuildConfiguration;
			baseConfigurationReference = 808CD3A8ACD231EFB5453C6D /* Pods-SearchingTechniques-tvOSTests.debug.xcconfig */;
			buildSettings = {
				ALWAYS_EMBED_SWIFT_STANDARD_LIBRARIES = YES;
				INFOPLIST_FILE = "SearchingTechniques-tvOSTests/Info.plist";
				LD_RUNPATH_SEARCH_PATHS = "$(inherited) @executable_path/Frameworks @loader_path/Frameworks";
				PRODUCT_BUNDLE_IDENTIFIER = "com.abdullahselek.SearchingTechniques-tvOSTests";
				PRODUCT_NAME = "$(TARGET_NAME)";
				SDKROOT = appletvos;
				TVOS_DEPLOYMENT_TARGET = 10.2;
			};
			name = Debug;
		};
		A45E99001F12A8FF00CE18D1 /* Release */ = {
			isa = XCBuildConfiguration;
			baseConfigurationReference = B415CDB7009B376E533E5AD5 /* Pods-SearchingTechniques-tvOSTests.release.xcconfig */;
			buildSettings = {
				ALWAYS_EMBED_SWIFT_STANDARD_LIBRARIES = YES;
				INFOPLIST_FILE = "SearchingTechniques-tvOSTests/Info.plist";
				LD_RUNPATH_SEARCH_PATHS = "$(inherited) @executable_path/Frameworks @loader_path/Frameworks";
				PRODUCT_BUNDLE_IDENTIFIER = "com.abdullahselek.SearchingTechniques-tvOSTests";
				PRODUCT_NAME = "$(TARGET_NAME)";
				SDKROOT = appletvos;
				TVOS_DEPLOYMENT_TARGET = 10.2;
			};
			name = Release;
		};
		A4685FE61F1567460069BAA8 /* Debug */ = {
			isa = XCBuildConfiguration;
			buildSettings = {
				APPLICATION_EXTENSION_API_ONLY = YES;
				CODE_SIGN_IDENTITY = "";
				DEFINES_MODULE = YES;
				DYLIB_COMPATIBILITY_VERSION = 1;
				DYLIB_CURRENT_VERSION = 1;
				DYLIB_INSTALL_NAME_BASE = "@rpath";
				INFOPLIST_FILE = "Source/Info-watchOS.plist";
				INSTALL_PATH = "$(LOCAL_LIBRARY_DIR)/Frameworks";
				LD_RUNPATH_SEARCH_PATHS = "$(inherited) @executable_path/Frameworks @loader_path/Frameworks";
				PRODUCT_BUNDLE_IDENTIFIER = "com.abdullahselek.SearchingTechniques-watchOS";
				PRODUCT_NAME = SearchingTechniques;
				SDKROOT = watchos;
				SKIP_INSTALL = YES;
				TARGETED_DEVICE_FAMILY = 4;
				WATCHOS_DEPLOYMENT_TARGET = 3.2;
			};
			name = Debug;
		};
		A4685FE71F1567460069BAA8 /* Release */ = {
			isa = XCBuildConfiguration;
			buildSettings = {
				APPLICATION_EXTENSION_API_ONLY = YES;
				CODE_SIGN_IDENTITY = "";
				DEFINES_MODULE = YES;
				DYLIB_COMPATIBILITY_VERSION = 1;
				DYLIB_CURRENT_VERSION = 1;
				DYLIB_INSTALL_NAME_BASE = "@rpath";
				INFOPLIST_FILE = "Source/Info-watchOS.plist";
				INSTALL_PATH = "$(LOCAL_LIBRARY_DIR)/Frameworks";
				LD_RUNPATH_SEARCH_PATHS = "$(inherited) @executable_path/Frameworks @loader_path/Frameworks";
				PRODUCT_BUNDLE_IDENTIFIER = "com.abdullahselek.SearchingTechniques-watchOS";
				PRODUCT_NAME = SearchingTechniques;
				SDKROOT = watchos;
				SKIP_INSTALL = YES;
				TARGETED_DEVICE_FAMILY = 4;
				WATCHOS_DEPLOYMENT_TARGET = 3.2;
			};
			name = Release;
		};
		A485CE951F09352800AA9E67 /* Debug */ = {
			isa = XCBuildConfiguration;
			buildSettings = {
				ALWAYS_SEARCH_USER_PATHS = NO;
				CLANG_ANALYZER_NONNULL = YES;
				CLANG_ANALYZER_NUMBER_OBJECT_CONVERSION = YES_AGGRESSIVE;
				CLANG_CXX_LANGUAGE_STANDARD = "gnu++0x";
				CLANG_CXX_LIBRARY = "libc++";
				CLANG_ENABLE_CODE_COVERAGE = YES;
				CLANG_ENABLE_MODULES = YES;
				CLANG_ENABLE_OBJC_ARC = YES;
				CLANG_WARN_BOOL_CONVERSION = YES;
				CLANG_WARN_CONSTANT_CONVERSION = YES;
				CLANG_WARN_DIRECT_OBJC_ISA_USAGE = YES_ERROR;
				CLANG_WARN_DOCUMENTATION_COMMENTS = YES;
				CLANG_WARN_EMPTY_BODY = YES;
				CLANG_WARN_ENUM_CONVERSION = YES;
				CLANG_WARN_INFINITE_RECURSION = YES;
				CLANG_WARN_INT_CONVERSION = YES;
				CLANG_WARN_OBJC_ROOT_CLASS = YES_ERROR;
				CLANG_WARN_SUSPICIOUS_MOVE = YES;
				CLANG_WARN_UNREACHABLE_CODE = YES;
				CLANG_WARN__DUPLICATE_METHOD_MATCH = YES;
				"CODE_SIGN_IDENTITY[sdk=iphoneos*]" = "iPhone Developer";
				COPY_PHASE_STRIP = NO;
				CURRENT_PROJECT_VERSION = 1;
				DEBUG_INFORMATION_FORMAT = dwarf;
				ENABLE_STRICT_OBJC_MSGSEND = YES;
				ENABLE_TESTABILITY = YES;
				GCC_C_LANGUAGE_STANDARD = gnu99;
				GCC_DYNAMIC_NO_PIC = NO;
				GCC_NO_COMMON_BLOCKS = YES;
				GCC_OPTIMIZATION_LEVEL = 0;
				GCC_PREPROCESSOR_DEFINITIONS = (
					"DEBUG=1",
					"$(inherited)",
				);
				GCC_WARN_64_TO_32_BIT_CONVERSION = YES;
				GCC_WARN_ABOUT_RETURN_TYPE = YES_ERROR;
				GCC_WARN_UNDECLARED_SELECTOR = YES;
				GCC_WARN_UNINITIALIZED_AUTOS = YES_AGGRESSIVE;
				GCC_WARN_UNUSED_FUNCTION = YES;
				GCC_WARN_UNUSED_VARIABLE = YES;
				IPHONEOS_DEPLOYMENT_TARGET = 9.0;
				MTL_ENABLE_DEBUG_INFO = YES;
				ONLY_ACTIVE_ARCH = YES;
				PRODUCT_NAME = SearchingTechniques;
				SDKROOT = iphoneos;
				TARGETED_DEVICE_FAMILY = "1,2";
				VERSIONING_SYSTEM = "apple-generic";
				VERSION_INFO_PREFIX = "";
			};
			name = Debug;
		};
		A485CE961F09352800AA9E67 /* Release */ = {
			isa = XCBuildConfiguration;
			buildSettings = {
				ALWAYS_SEARCH_USER_PATHS = NO;
				CLANG_ANALYZER_NONNULL = YES;
				CLANG_ANALYZER_NUMBER_OBJECT_CONVERSION = YES_AGGRESSIVE;
				CLANG_CXX_LANGUAGE_STANDARD = "gnu++0x";
				CLANG_CXX_LIBRARY = "libc++";
				CLANG_ENABLE_CODE_COVERAGE = YES;
				CLANG_ENABLE_MODULES = YES;
				CLANG_ENABLE_OBJC_ARC = YES;
				CLANG_WARN_BOOL_CONVERSION = YES;
				CLANG_WARN_CONSTANT_CONVERSION = YES;
				CLANG_WARN_DIRECT_OBJC_ISA_USAGE = YES_ERROR;
				CLANG_WARN_DOCUMENTATION_COMMENTS = YES;
				CLANG_WARN_EMPTY_BODY = YES;
				CLANG_WARN_ENUM_CONVERSION = YES;
				CLANG_WARN_INFINITE_RECURSION = YES;
				CLANG_WARN_INT_CONVERSION = YES;
				CLANG_WARN_OBJC_ROOT_CLASS = YES_ERROR;
				CLANG_WARN_SUSPICIOUS_MOVE = YES;
				CLANG_WARN_UNREACHABLE_CODE = YES;
				CLANG_WARN__DUPLICATE_METHOD_MATCH = YES;
				"CODE_SIGN_IDENTITY[sdk=iphoneos*]" = "iPhone Developer";
				COPY_PHASE_STRIP = NO;
				CURRENT_PROJECT_VERSION = 1;
				DEBUG_INFORMATION_FORMAT = "dwarf-with-dsym";
				ENABLE_NS_ASSERTIONS = NO;
				ENABLE_STRICT_OBJC_MSGSEND = YES;
				GCC_C_LANGUAGE_STANDARD = gnu99;
				GCC_NO_COMMON_BLOCKS = YES;
				GCC_WARN_64_TO_32_BIT_CONVERSION = YES;
				GCC_WARN_ABOUT_RETURN_TYPE = YES_ERROR;
				GCC_WARN_UNDECLARED_SELECTOR = YES;
				GCC_WARN_UNINITIALIZED_AUTOS = YES_AGGRESSIVE;
				GCC_WARN_UNUSED_FUNCTION = YES;
				GCC_WARN_UNUSED_VARIABLE = YES;
				IPHONEOS_DEPLOYMENT_TARGET = 9.0;
				MTL_ENABLE_DEBUG_INFO = NO;
				PRODUCT_NAME = SearchingTechniques;
				SDKROOT = iphoneos;
				TARGETED_DEVICE_FAMILY = "1,2";
				VALIDATE_PRODUCT = YES;
				VERSIONING_SYSTEM = "apple-generic";
				VERSION_INFO_PREFIX = "";
			};
			name = Release;
		};
		A4C692B91F1149520018F4B9 /* Debug */ = {
			isa = XCBuildConfiguration;
			baseConfigurationReference = C1EF09263DC22FA572AC53E4 /* Pods-SearchingTechniques-iOS.debug.xcconfig */;
			buildSettings = {
				CODE_SIGN_IDENTITY = "";
				DEFINES_MODULE = YES;
				DYLIB_COMPATIBILITY_VERSION = 1;
				DYLIB_CURRENT_VERSION = 1;
				DYLIB_INSTALL_NAME_BASE = "@rpath";
				INFOPLIST_FILE = "Source/Info-iOS.plist";
				INSTALL_PATH = "$(LOCAL_LIBRARY_DIR)/Frameworks";
				IPHONEOS_DEPLOYMENT_TARGET = 9.0;
				LD_RUNPATH_SEARCH_PATHS = "$(inherited) @executable_path/Frameworks @loader_path/Frameworks";
				PRODUCT_BUNDLE_IDENTIFIER = "com.abdullahselek.SearchingTecniques-iOS";
				PRODUCT_NAME = SearchingTechniques;
				SKIP_INSTALL = YES;
			};
			name = Debug;
		};
		A4C692BA1F1149520018F4B9 /* Release */ = {
			isa = XCBuildConfiguration;
			baseConfigurationReference = 702D61BFA50317EA8F66F52B /* Pods-SearchingTechniques-iOS.release.xcconfig */;
			buildSettings = {
				CODE_SIGN_IDENTITY = "";
				DEFINES_MODULE = YES;
				DYLIB_COMPATIBILITY_VERSION = 1;
				DYLIB_CURRENT_VERSION = 1;
				DYLIB_INSTALL_NAME_BASE = "@rpath";
				INFOPLIST_FILE = "Source/Info-iOS.plist";
				INSTALL_PATH = "$(LOCAL_LIBRARY_DIR)/Frameworks";
				IPHONEOS_DEPLOYMENT_TARGET = 9.0;
				LD_RUNPATH_SEARCH_PATHS = "$(inherited) @executable_path/Frameworks @loader_path/Frameworks";
				PRODUCT_BUNDLE_IDENTIFIER = "com.abdullahselek.SearchingTecniques-iOS";
				PRODUCT_NAME = SearchingTechniques;
				SKIP_INSTALL = YES;
			};
			name = Release;
		};
		A4C692BC1F1149520018F4B9 /* Debug */ = {
			isa = XCBuildConfiguration;
			baseConfigurationReference = C0F96E4A1504CB91FC89AC99 /* Pods-SearchingTechniques-iOSTests.debug.xcconfig */;
			buildSettings = {
				ALWAYS_EMBED_SWIFT_STANDARD_LIBRARIES = YES;
				INFOPLIST_FILE = "SearchingTecniques-iOSTests/Info.plist";
				IPHONEOS_DEPLOYMENT_TARGET = 10.3;
				LD_RUNPATH_SEARCH_PATHS = "$(inherited) @executable_path/Frameworks @loader_path/Frameworks";
				PRODUCT_BUNDLE_IDENTIFIER = "com.abdullahselek.SearchingTecniques-iOSTests";
				PRODUCT_NAME = "$(TARGET_NAME)";
			};
			name = Debug;
		};
		A4C692BD1F1149520018F4B9 /* Release */ = {
			isa = XCBuildConfiguration;
			baseConfigurationReference = 5FB4A51C35351E3F2B104876 /* Pods-SearchingTechniques-iOSTests.release.xcconfig */;
			buildSettings = {
				ALWAYS_EMBED_SWIFT_STANDARD_LIBRARIES = YES;
				INFOPLIST_FILE = "SearchingTecniques-iOSTests/Info.plist";
				IPHONEOS_DEPLOYMENT_TARGET = 10.3;
				LD_RUNPATH_SEARCH_PATHS = "$(inherited) @executable_path/Frameworks @loader_path/Frameworks";
				PRODUCT_BUNDLE_IDENTIFIER = "com.abdullahselek.SearchingTecniques-iOSTests";
				PRODUCT_NAME = "$(TARGET_NAME)";
			};
			name = Release;
		};
		A4C692F11F1160570018F4B9 /* Debug */ = {
			isa = XCBuildConfiguration;
			baseConfigurationReference = 4A97D40EDCA78FC523BDB34E /* Pods-SearchingTechniques-macOS.debug.xcconfig */;
			buildSettings = {
				CODE_SIGN_IDENTITY = "-";
				COMBINE_HIDPI_IMAGES = YES;
				DEFINES_MODULE = YES;
				DYLIB_COMPATIBILITY_VERSION = 1;
				DYLIB_CURRENT_VERSION = 1;
				DYLIB_INSTALL_NAME_BASE = "@rpath";
				FRAMEWORK_VERSION = A;
				INFOPLIST_FILE = "Source/Info-macOS.plist";
				INSTALL_PATH = "$(LOCAL_LIBRARY_DIR)/Frameworks";
				LD_RUNPATH_SEARCH_PATHS = "$(inherited) @executable_path/../Frameworks @loader_path/Frameworks";
				MACOSX_DEPLOYMENT_TARGET = 10.10;
				PRODUCT_BUNDLE_IDENTIFIER = "com.abdullahselek.SearchingTechniques-macOS";
				PRODUCT_NAME = SearchingTechniques;
				SDKROOT = macosx;
				SKIP_INSTALL = YES;
			};
			name = Debug;
		};
		A4C692F21F1160570018F4B9 /* Release */ = {
			isa = XCBuildConfiguration;
			baseConfigurationReference = 245327840A02774B84439082 /* Pods-SearchingTechniques-macOS.release.xcconfig */;
			buildSettings = {
				CODE_SIGN_IDENTITY = "-";
				COMBINE_HIDPI_IMAGES = YES;
				DEFINES_MODULE = YES;
				DYLIB_COMPATIBILITY_VERSION = 1;
				DYLIB_CURRENT_VERSION = 1;
				DYLIB_INSTALL_NAME_BASE = "@rpath";
				FRAMEWORK_VERSION = A;
				INFOPLIST_FILE = "Source/Info-macOS.plist";
				INSTALL_PATH = "$(LOCAL_LIBRARY_DIR)/Frameworks";
				LD_RUNPATH_SEARCH_PATHS = "$(inherited) @executable_path/../Frameworks @loader_path/Frameworks";
				MACOSX_DEPLOYMENT_TARGET = 10.10;
				PRODUCT_BUNDLE_IDENTIFIER = "com.abdullahselek.SearchingTechniques-macOS";
				PRODUCT_NAME = SearchingTechniques;
				SDKROOT = macosx;
				SKIP_INSTALL = YES;
			};
			name = Release;
		};
		A4C692F41F1160570018F4B9 /* Debug */ = {
			isa = XCBuildConfiguration;
			baseConfigurationReference = C3167DFD886C2A5D5D4FBA57 /* Pods-SearchingTechniques-macOSTests.debug.xcconfig */;
			buildSettings = {
				ALWAYS_EMBED_SWIFT_STANDARD_LIBRARIES = YES;
				CODE_SIGN_IDENTITY = "-";
				COMBINE_HIDPI_IMAGES = YES;
				INFOPLIST_FILE = "SearchingTechniques-macOSTests/Info.plist";
				LD_RUNPATH_SEARCH_PATHS = "$(inherited) @executable_path/../Frameworks @loader_path/../Frameworks";
				MACOSX_DEPLOYMENT_TARGET = 10.12;
				PRODUCT_BUNDLE_IDENTIFIER = "com.abdullahselek.SearchingTechniques-macOSTests";
				PRODUCT_NAME = "$(TARGET_NAME)";
				SDKROOT = macosx;
			};
			name = Debug;
		};
		A4C692F51F1160570018F4B9 /* Release */ = {
			isa = XCBuildConfiguration;
			baseConfigurationReference = F1821861143AEFEC89565D5A /* Pods-SearchingTechniques-macOSTests.release.xcconfig */;
			buildSettings = {
				ALWAYS_EMBED_SWIFT_STANDARD_LIBRARIES = YES;
				CODE_SIGN_IDENTITY = "-";
				COMBINE_HIDPI_IMAGES = YES;
				INFOPLIST_FILE = "SearchingTechniques-macOSTests/Info.plist";
				LD_RUNPATH_SEARCH_PATHS = "$(inherited) @executable_path/../Frameworks @loader_path/../Frameworks";
				MACOSX_DEPLOYMENT_TARGET = 10.12;
				PRODUCT_BUNDLE_IDENTIFIER = "com.abdullahselek.SearchingTechniques-macOSTests";
				PRODUCT_NAME = "$(TARGET_NAME)";
				SDKROOT = macosx;
			};
			name = Release;
		};
/* End XCBuildConfiguration section */

/* Begin XCConfigurationList section */
		A45E99011F12A8FF00CE18D1 /* Build configuration list for PBXNativeTarget "SearchingTechniques-tvOS" */ = {
			isa = XCConfigurationList;
			buildConfigurations = (
				A45E98FD1F12A8FF00CE18D1 /* Debug */,
				A45E98FE1F12A8FF00CE18D1 /* Release */,
			);
			defaultConfigurationIsVisible = 0;
			defaultConfigurationName = Release;
		};
		A45E99021F12A8FF00CE18D1 /* Build configuration list for PBXNativeTarget "SearchingTechniques-tvOSTests" */ = {
			isa = XCConfigurationList;
			buildConfigurations = (
				A45E98FF1F12A8FF00CE18D1 /* Debug */,
				A45E99001F12A8FF00CE18D1 /* Release */,
			);
			defaultConfigurationIsVisible = 0;
			defaultConfigurationName = Release;
		};
		A4685FE81F1567460069BAA8 /* Build configuration list for PBXNativeTarget "SearchingTechniques-watchOS" */ = {
			isa = XCConfigurationList;
			buildConfigurations = (
				A4685FE61F1567460069BAA8 /* Debug */,
				A4685FE71F1567460069BAA8 /* Release */,
			);
			defaultConfigurationIsVisible = 0;
		};
		A485CE7D1F09352700AA9E67 /* Build configuration list for PBXProject "SearchingTechniques" */ = {
			isa = XCConfigurationList;
			buildConfigurations = (
				A485CE951F09352800AA9E67 /* Debug */,
				A485CE961F09352800AA9E67 /* Release */,
			);
			defaultConfigurationIsVisible = 0;
			defaultConfigurationName = Release;
		};
		A4C692B81F1149520018F4B9 /* Build configuration list for PBXNativeTarget "SearchingTechniques-iOS" */ = {
			isa = XCConfigurationList;
			buildConfigurations = (
				A4C692B91F1149520018F4B9 /* Debug */,
				A4C692BA1F1149520018F4B9 /* Release */,
			);
			defaultConfigurationIsVisible = 0;
			defaultConfigurationName = Release;
		};
		A4C692BB1F1149520018F4B9 /* Build configuration list for PBXNativeTarget "SearchingTechniques-iOSTests" */ = {
			isa = XCConfigurationList;
			buildConfigurations = (
				A4C692BC1F1149520018F4B9 /* Debug */,
				A4C692BD1F1149520018F4B9 /* Release */,
			);
			defaultConfigurationIsVisible = 0;
			defaultConfigurationName = Release;
		};
		A4C692F01F1160570018F4B9 /* Build configuration list for PBXNativeTarget "SearchingTechniques-macOS" */ = {
			isa = XCConfigurationList;
			buildConfigurations = (
				A4C692F11F1160570018F4B9 /* Debug */,
				A4C692F21F1160570018F4B9 /* Release */,
			);
			defaultConfigurationIsVisible = 0;
			defaultConfigurationName = Release;
		};
		A4C692F31F1160570018F4B9 /* Build configuration list for PBXNativeTarget "SearchingTechniques-macOSTests" */ = {
			isa = XCConfigurationList;
			buildConfigurations = (
				A4C692F41F1160570018F4B9 /* Debug */,
				A4C692F51F1160570018F4B9 /* Release */,
			);
			defaultConfigurationIsVisible = 0;
			defaultConfigurationName = Release;
		};
/* End XCConfigurationList section */
	};
	rootObject = A485CE7A1F09352700AA9E67 /* Project object */;
}
