// !$*UTF8*$!
{
	archiveVersion = 1;
	classes = {
	};
	objectVersion = 46;
	objects = {

/* Begin PBXBuildFile section */
		195125B86CC19E48CBD9FCC1 /* Pods_searching_techniquesTests.framework in Frameworks */ = {isa = PBXBuildFile; fileRef = 91724B517D496A91D932D4AC /* Pods_searching_techniquesTests.framework */; };
		34FB429E50F8EB68818153C2 /* Pods_searching_techniques.framework in Frameworks */ = {isa = PBXBuildFile; fileRef = AA03D07B979249D0F67F600E /* Pods_searching_techniques.framework */; };
		A485CE2E1F09104100AA9E67 /* STLinearSearch.m in Sources */ = {isa = PBXBuildFile; fileRef = A485CE2D1F09104100AA9E67 /* STLinearSearch.m */; };
		A485CE301F0911AC00AA9E67 /* STLinearSearchTests.m in Sources */ = {isa = PBXBuildFile; fileRef = A485CE2F1F0911AC00AA9E67 /* STLinearSearchTests.m */; };
		A4861E031F07C7BC00480C05 /* main.m in Sources */ = {isa = PBXBuildFile; fileRef = A4861E021F07C7BC00480C05 /* main.m */; };
		A4861E061F07C7BC00480C05 /* AppDelegate.m in Sources */ = {isa = PBXBuildFile; fileRef = A4861E051F07C7BC00480C05 /* AppDelegate.m */; };
		A4861E091F07C7BC00480C05 /* ViewController.m in Sources */ = {isa = PBXBuildFile; fileRef = A4861E081F07C7BC00480C05 /* ViewController.m */; };
		A4861E0C1F07C7BC00480C05 /* Main.storyboard in Resources */ = {isa = PBXBuildFile; fileRef = A4861E0A1F07C7BC00480C05 /* Main.storyboard */; };
		A4861E0E1F07C7BC00480C05 /* Assets.xcassets in Resources */ = {isa = PBXBuildFile; fileRef = A4861E0D1F07C7BC00480C05 /* Assets.xcassets */; };
		A4861E111F07C7BC00480C05 /* LaunchScreen.storyboard in Resources */ = {isa = PBXBuildFile; fileRef = A4861E0F1F07C7BC00480C05 /* LaunchScreen.storyboard */; };
		A4861E1C1F07C7BC00480C05 /* searching_techniquesTests.m in Sources */ = {isa = PBXBuildFile; fileRef = A4861E1B1F07C7BC00480C05 /* searching_techniquesTests.m */; };
/* End PBXBuildFile section */

/* Begin PBXContainerItemProxy section */
		A4861E181F07C7BC00480C05 /* PBXContainerItemProxy */ = {
			isa = PBXContainerItemProxy;
			containerPortal = A4861DF61F07C7BC00480C05 /* Project object */;
			proxyType = 1;
			remoteGlobalIDString = A4861DFD1F07C7BC00480C05;
			remoteInfo = "searching-techniques";
		};
/* End PBXContainerItemProxy section */

/* Begin PBXFileReference section */
		1C103F34959E3F156D8F1E8F /* Pods-searching-techniques.debug.xcconfig */ = {isa = PBXFileReference; includeInIndex = 1; lastKnownFileType = text.xcconfig; name = "Pods-searching-techniques.debug.xcconfig"; path = "Pods/Target Support Files/Pods-searching-techniques/Pods-searching-techniques.debug.xcconfig"; sourceTree = "<group>"; };
		3EBD4EBB2F8DA0BB2193E3FE /* Pods-searching-techniquesTests.debug.xcconfig */ = {isa = PBXFileReference; includeInIndex = 1; lastKnownFileType = text.xcconfig; name = "Pods-searching-techniquesTests.debug.xcconfig"; path = "Pods/Target Support Files/Pods-searching-techniquesTests/Pods-searching-techniquesTests.debug.xcconfig"; sourceTree = "<group>"; };
		73AB8639317BC87F1FEBAA5B /* Pods-searching-techniquesTests.release.xcconfig */ = {isa = PBXFileReference; includeInIndex = 1; lastKnownFileType = text.xcconfig; name = "Pods-searching-techniquesTests.release.xcconfig"; path = "Pods/Target Support Files/Pods-searching-techniquesTests/Pods-searching-techniquesTests.release.xcconfig"; sourceTree = "<group>"; };
		91724B517D496A91D932D4AC /* Pods_searching_techniquesTests.framework */ = {isa = PBXFileReference; explicitFileType = wrapper.framework; includeInIndex = 0; path = Pods_searching_techniquesTests.framework; sourceTree = BUILT_PRODUCTS_DIR; };
		A485CE2C1F09104100AA9E67 /* STLinearSearch.h */ = {isa = PBXFileReference; fileEncoding = 4; lastKnownFileType = sourcecode.c.h; name = STLinearSearch.h; path = source/STLinearSearch.h; sourceTree = "<group>"; };
		A485CE2D1F09104100AA9E67 /* STLinearSearch.m */ = {isa = PBXFileReference; fileEncoding = 4; lastKnownFileType = sourcecode.c.objc; name = STLinearSearch.m; path = source/STLinearSearch.m; sourceTree = "<group>"; };
		A485CE2F1F0911AC00AA9E67 /* STLinearSearchTests.m */ = {isa = PBXFileReference; fileEncoding = 4; lastKnownFileType = sourcecode.c.objc; path = STLinearSearchTests.m; sourceTree = "<group>"; };
		A4861DFE1F07C7BC00480C05 /* searching-techniques.app */ = {isa = PBXFileReference; explicitFileType = wrapper.application; includeInIndex = 0; path = "searching-techniques.app"; sourceTree = BUILT_PRODUCTS_DIR; };
		A4861E021F07C7BC00480C05 /* main.m */ = {isa = PBXFileReference; lastKnownFileType = sourcecode.c.objc; path = main.m; sourceTree = "<group>"; };
		A4861E041F07C7BC00480C05 /* AppDelegate.h */ = {isa = PBXFileReference; lastKnownFileType = sourcecode.c.h; path = AppDelegate.h; sourceTree = "<group>"; };
		A4861E051F07C7BC00480C05 /* AppDelegate.m */ = {isa = PBXFileReference; lastKnownFileType = sourcecode.c.objc; path = AppDelegate.m; sourceTree = "<group>"; };
		A4861E071F07C7BC00480C05 /* ViewController.h */ = {isa = PBXFileReference; lastKnownFileType = sourcecode.c.h; path = ViewController.h; sourceTree = "<group>"; };
		A4861E081F07C7BC00480C05 /* ViewController.m */ = {isa = PBXFileReference; lastKnownFileType = sourcecode.c.objc; path = ViewController.m; sourceTree = "<group>"; };
		A4861E0B1F07C7BC00480C05 /* Base */ = {isa = PBXFileReference; lastKnownFileType = file.storyboard; name = Base; path = Base.lproj/Main.storyboard; sourceTree = "<group>"; };
		A4861E0D1F07C7BC00480C05 /* Assets.xcassets */ = {isa = PBXFileReference; lastKnownFileType = folder.assetcatalog; path = Assets.xcassets; sourceTree = "<group>"; };
		A4861E101F07C7BC00480C05 /* Base */ = {isa = PBXFileReference; lastKnownFileType = file.storyboard; name = Base; path = Base.lproj/LaunchScreen.storyboard; sourceTree = "<group>"; };
		A4861E121F07C7BC00480C05 /* Info.plist */ = {isa = PBXFileReference; lastKnownFileType = text.plist.xml; path = Info.plist; sourceTree = "<group>"; };
		A4861E171F07C7BC00480C05 /* searching-techniquesTests.xctest */ = {isa = PBXFileReference; explicitFileType = wrapper.cfbundle; includeInIndex = 0; path = "searching-techniquesTests.xctest"; sourceTree = BUILT_PRODUCTS_DIR; };
		A4861E1B1F07C7BC00480C05 /* searching_techniquesTests.m */ = {isa = PBXFileReference; lastKnownFileType = sourcecode.c.objc; path = searching_techniquesTests.m; sourceTree = "<group>"; };
		A4861E1D1F07C7BC00480C05 /* Info.plist */ = {isa = PBXFileReference; lastKnownFileType = text.plist.xml; path = Info.plist; sourceTree = "<group>"; };
		AA03D07B979249D0F67F600E /* Pods_searching_techniques.framework */ = {isa = PBXFileReference; explicitFileType = wrapper.framework; includeInIndex = 0; path = Pods_searching_techniques.framework; sourceTree = BUILT_PRODUCTS_DIR; };
		B254FE6F4F0A2F5D4548FA36 /* Pods-searching-techniques.release.xcconfig */ = {isa = PBXFileReference; includeInIndex = 1; lastKnownFileType = text.xcconfig; name = "Pods-searching-techniques.release.xcconfig"; path = "Pods/Target Support Files/Pods-searching-techniques/Pods-searching-techniques.release.xcconfig"; sourceTree = "<group>"; };
/* End PBXFileReference section */

/* Begin PBXFrameworksBuildPhase section */
		A4861DFB1F07C7BC00480C05 /* Frameworks */ = {
			isa = PBXFrameworksBuildPhase;
			buildActionMask = 2147483647;
			files = (
				34FB429E50F8EB68818153C2 /* Pods_searching_techniques.framework in Frameworks */,
			);
			runOnlyForDeploymentPostprocessing = 0;
		};
		A4861E141F07C7BC00480C05 /* Frameworks */ = {
			isa = PBXFrameworksBuildPhase;
			buildActionMask = 2147483647;
			files = (
				195125B86CC19E48CBD9FCC1 /* Pods_searching_techniquesTests.framework in Frameworks */,
			);
			runOnlyForDeploymentPostprocessing = 0;
		};
/* End PBXFrameworksBuildPhase section */

/* Begin PBXGroup section */
		51C8201613749510874CAA2E /* Frameworks */ = {
			isa = PBXGroup;
			children = (
				AA03D07B979249D0F67F600E /* Pods_searching_techniques.framework */,
				91724B517D496A91D932D4AC /* Pods_searching_techniquesTests.framework */,
			);
			name = Frameworks;
			sourceTree = "<group>";
		};
		7A13F2A9F6A6162B02646FEE /* Pods */ = {
			isa = PBXGroup;
			children = (
				1C103F34959E3F156D8F1E8F /* Pods-searching-techniques.debug.xcconfig */,
				B254FE6F4F0A2F5D4548FA36 /* Pods-searching-techniques.release.xcconfig */,
				3EBD4EBB2F8DA0BB2193E3FE /* Pods-searching-techniquesTests.debug.xcconfig */,
				73AB8639317BC87F1FEBAA5B /* Pods-searching-techniquesTests.release.xcconfig */,
			);
			name = Pods;
			sourceTree = "<group>";
		};
		A4861DF51F07C7BC00480C05 = {
			isa = PBXGroup;
			children = (
				A4861E001F07C7BC00480C05 /* searching-techniques */,
				A4861E1A1F07C7BC00480C05 /* searching-techniquesTests */,
				A4861DFF1F07C7BC00480C05 /* Products */,
				7A13F2A9F6A6162B02646FEE /* Pods */,
				51C8201613749510874CAA2E /* Frameworks */,
			);
			sourceTree = "<group>";
		};
		A4861DFF1F07C7BC00480C05 /* Products */ = {
			isa = PBXGroup;
			children = (
				A4861DFE1F07C7BC00480C05 /* searching-techniques.app */,
				A4861E171F07C7BC00480C05 /* searching-techniquesTests.xctest */,
			);
			name = Products;
			sourceTree = "<group>";
		};
		A4861E001F07C7BC00480C05 /* searching-techniques */ = {
			isa = PBXGroup;
			children = (
				A4A47B2C1F07D06800F35347 /* source */,
				A4861E041F07C7BC00480C05 /* AppDelegate.h */,
				A4861E051F07C7BC00480C05 /* AppDelegate.m */,
				A4861E071F07C7BC00480C05 /* ViewController.h */,
				A4861E081F07C7BC00480C05 /* ViewController.m */,
				A4861E0A1F07C7BC00480C05 /* Main.storyboard */,
				A4861E0D1F07C7BC00480C05 /* Assets.xcassets */,
				A4861E0F1F07C7BC00480C05 /* LaunchScreen.storyboard */,
				A4861E121F07C7BC00480C05 /* Info.plist */,
				A4861E011F07C7BC00480C05 /* Supporting Files */,
			);
			path = "searching-techniques";
			sourceTree = "<group>";
		};
		A4861E011F07C7BC00480C05 /* Supporting Files */ = {
			isa = PBXGroup;
			children = (
				A4861E021F07C7BC00480C05 /* main.m */,
			);
			name = "Supporting Files";
			sourceTree = "<group>";
		};
		A4861E1A1F07C7BC00480C05 /* searching-techniquesTests */ = {
			isa = PBXGroup;
			children = (
				A4861E1B1F07C7BC00480C05 /* searching_techniquesTests.m */,
				A4861E1D1F07C7BC00480C05 /* Info.plist */,
				A485CE2F1F0911AC00AA9E67 /* STLinearSearchTests.m */,
			);
			path = "searching-techniquesTests";
			sourceTree = "<group>";
		};
		A4A47B2C1F07D06800F35347 /* source */ = {
			isa = PBXGroup;
			children = (
				A485CE2C1F09104100AA9E67 /* STLinearSearch.h */,
				A485CE2D1F09104100AA9E67 /* STLinearSearch.m */,
			);
			name = source;
			sourceTree = "<group>";
		};
/* End PBXGroup section */

/* Begin PBXNativeTarget section */
		A4861DFD1F07C7BC00480C05 /* searching-techniques */ = {
			isa = PBXNativeTarget;
			buildConfigurationList = A4861E201F07C7BC00480C05 /* Build configuration list for PBXNativeTarget "searching-techniques" */;
			buildPhases = (
				6471EE6B72C75418CC192467 /* [CP] Check Pods Manifest.lock */,
				A4861DFA1F07C7BC00480C05 /* Sources */,
				A4861DFB1F07C7BC00480C05 /* Frameworks */,
				A4861DFC1F07C7BC00480C05 /* Resources */,
				769F5C639FF20E949B7E93DF /* [CP] Embed Pods Frameworks */,
				25AFBCA0F74EA5FA9F014FF7 /* [CP] Copy Pods Resources */,
			);
			buildRules = (
			);
			dependencies = (
			);
			name = "searching-techniques";
			productName = "searching-techniques";
			productReference = A4861DFE1F07C7BC00480C05 /* searching-techniques.app */;
			productType = "com.apple.product-type.application";
		};
		A4861E161F07C7BC00480C05 /* searching-techniquesTests */ = {
			isa = PBXNativeTarget;
			buildConfigurationList = A4861E231F07C7BC00480C05 /* Build configuration list for PBXNativeTarget "searching-techniquesTests" */;
			buildPhases = (
				77EC9EAA1FB69D5D3C8C88C6 /* [CP] Check Pods Manifest.lock */,
				A4861E131F07C7BC00480C05 /* Sources */,
				A4861E141F07C7BC00480C05 /* Frameworks */,
				A4861E151F07C7BC00480C05 /* Resources */,
				6A0CE474333D985B0EA0F14B /* [CP] Embed Pods Frameworks */,
				2935B471A5EB67786BDBD3DE /* [CP] Copy Pods Resources */,
			);
			buildRules = (
			);
			dependencies = (
				A4861E191F07C7BC00480C05 /* PBXTargetDependency */,
			);
			name = "searching-techniquesTests";
			productName = "searching-techniquesTests";
			productReference = A4861E171F07C7BC00480C05 /* searching-techniquesTests.xctest */;
			productType = "com.apple.product-type.bundle.unit-test";
		};
/* End PBXNativeTarget section */

/* Begin PBXProject section */
		A4861DF61F07C7BC00480C05 /* Project object */ = {
			isa = PBXProject;
			attributes = {
				LastUpgradeCheck = 0830;
				ORGANIZATIONNAME = "Abdullah Selek";
				TargetAttributes = {
					A4861DFD1F07C7BC00480C05 = {
						CreatedOnToolsVersion = 8.3.3;
						ProvisioningStyle = Automatic;
					};
					A4861E161F07C7BC00480C05 = {
						CreatedOnToolsVersion = 8.3.3;
						ProvisioningStyle = Automatic;
						TestTargetID = A4861DFD1F07C7BC00480C05;
					};
				};
			};
			buildConfigurationList = A4861DF91F07C7BC00480C05 /* Build configuration list for PBXProject "searching-techniques" */;
			compatibilityVersion = "Xcode 3.2";
			developmentRegion = English;
			hasScannedForEncodings = 0;
			knownRegions = (
				en,
				Base,
			);
			mainGroup = A4861DF51F07C7BC00480C05;
			productRefGroup = A4861DFF1F07C7BC00480C05 /* Products */;
			projectDirPath = "";
			projectRoot = "";
			targets = (
				A4861DFD1F07C7BC00480C05 /* searching-techniques */,
				A4861E161F07C7BC00480C05 /* searching-techniquesTests */,
			);
		};
/* End PBXProject section */

/* Begin PBXResourcesBuildPhase section */
		A4861DFC1F07C7BC00480C05 /* Resources */ = {
			isa = PBXResourcesBuildPhase;
			buildActionMask = 2147483647;
			files = (
				A4861E111F07C7BC00480C05 /* LaunchScreen.storyboard in Resources */,
				A4861E0E1F07C7BC00480C05 /* Assets.xcassets in Resources */,
				A4861E0C1F07C7BC00480C05 /* Main.storyboard in Resources */,
			);
			runOnlyForDeploymentPostprocessing = 0;
		};
		A4861E151F07C7BC00480C05 /* Resources */ = {
			isa = PBXResourcesBuildPhase;
			buildActionMask = 2147483647;
			files = (
			);
			runOnlyForDeploymentPostprocessing = 0;
		};
/* End PBXResourcesBuildPhase section */

/* Begin PBXShellScriptBuildPhase section */
		25AFBCA0F74EA5FA9F014FF7 /* [CP] Copy Pods Resources */ = {
			isa = PBXShellScriptBuildPhase;
			buildActionMask = 2147483647;
			files = (
			);
			inputPaths = (
			);
			name = "[CP] Copy Pods Resources";
			outputPaths = (
			);
			runOnlyForDeploymentPostprocessing = 0;
			shellPath = /bin/sh;
			shellScript = "\"${SRCROOT}/Pods/Target Support Files/Pods-searching-techniques/Pods-searching-techniques-resources.sh\"\n";
			showEnvVarsInLog = 0;
		};
		2935B471A5EB67786BDBD3DE /* [CP] Copy Pods Resources */ = {
			isa = PBXShellScriptBuildPhase;
			buildActionMask = 2147483647;
			files = (
			);
			inputPaths = (
			);
			name = "[CP] Copy Pods Resources";
			outputPaths = (
			);
			runOnlyForDeploymentPostprocessing = 0;
			shellPath = /bin/sh;
			shellScript = "\"${SRCROOT}/Pods/Target Support Files/Pods-searching-techniquesTests/Pods-searching-techniquesTests-resources.sh\"\n";
			showEnvVarsInLog = 0;
		};
		6471EE6B72C75418CC192467 /* [CP] Check Pods Manifest.lock */ = {
			isa = PBXShellScriptBuildPhase;
			buildActionMask = 2147483647;
			files = (
			);
			inputPaths = (
			);
			name = "[CP] Check Pods Manifest.lock";
			outputPaths = (
			);
			runOnlyForDeploymentPostprocessing = 0;
			shellPath = /bin/sh;
			shellScript = "diff \"${PODS_PODFILE_DIR_PATH}/Podfile.lock\" \"${PODS_ROOT}/Manifest.lock\" > /dev/null\nif [ $? != 0 ] ; then\n    # print error to STDERR\n    echo \"error: The sandbox is not in sync with the Podfile.lock. Run 'pod install' or update your CocoaPods installation.\" >&2\n    exit 1\nfi\n";
			showEnvVarsInLog = 0;
		};
		6A0CE474333D985B0EA0F14B /* [CP] Embed Pods Frameworks */ = {
			isa = PBXShellScriptBuildPhase;
			buildActionMask = 2147483647;
			files = (
			);
			inputPaths = (
			);
			name = "[CP] Embed Pods Frameworks";
			outputPaths = (
			);
			runOnlyForDeploymentPostprocessing = 0;
			shellPath = /bin/sh;
			shellScript = "\"${SRCROOT}/Pods/Target Support Files/Pods-searching-techniquesTests/Pods-searching-techniquesTests-frameworks.sh\"\n";
			showEnvVarsInLog = 0;
		};
		769F5C639FF20E949B7E93DF /* [CP] Embed Pods Frameworks */ = {
			isa = PBXShellScriptBuildPhase;
			buildActionMask = 2147483647;
			files = (
			);
			inputPaths = (
			);
			name = "[CP] Embed Pods Frameworks";
			outputPaths = (
			);
			runOnlyForDeploymentPostprocessing = 0;
			shellPath = /bin/sh;
			shellScript = "\"${SRCROOT}/Pods/Target Support Files/Pods-searching-techniques/Pods-searching-techniques-frameworks.sh\"\n";
			showEnvVarsInLog = 0;
		};
		77EC9EAA1FB69D5D3C8C88C6 /* [CP] Check Pods Manifest.lock */ = {
			isa = PBXShellScriptBuildPhase;
			buildActionMask = 2147483647;
			files = (
			);
			inputPaths = (
			);
			name = "[CP] Check Pods Manifest.lock";
			outputPaths = (
			);
			runOnlyForDeploymentPostprocessing = 0;
			shellPath = /bin/sh;
			shellScript = "diff \"${PODS_PODFILE_DIR_PATH}/Podfile.lock\" \"${PODS_ROOT}/Manifest.lock\" > /dev/null\nif [ $? != 0 ] ; then\n    # print error to STDERR\n    echo \"error: The sandbox is not in sync with the Podfile.lock. Run 'pod install' or update your CocoaPods installation.\" >&2\n    exit 1\nfi\n";
			showEnvVarsInLog = 0;
		};
/* End PBXShellScriptBuildPhase section */

/* Begin PBXSourcesBuildPhase section */
		A4861DFA1F07C7BC00480C05 /* Sources */ = {
			isa = PBXSourcesBuildPhase;
			buildActionMask = 2147483647;
			files = (
				A4861E091F07C7BC00480C05 /* ViewController.m in Sources */,
				A4861E061F07C7BC00480C05 /* AppDelegate.m in Sources */,
				A4861E031F07C7BC00480C05 /* main.m in Sources */,
				A485CE2E1F09104100AA9E67 /* STLinearSearch.m in Sources */,
			);
			runOnlyForDeploymentPostprocessing = 0;
		};
		A4861E131F07C7BC00480C05 /* Sources */ = {
			isa = PBXSourcesBuildPhase;
			buildActionMask = 2147483647;
			files = (
				A4861E1C1F07C7BC00480C05 /* searching_techniquesTests.m in Sources */,
				A485CE301F0911AC00AA9E67 /* STLinearSearchTests.m in Sources */,
			);
			runOnlyForDeploymentPostprocessing = 0;
		};
/* End PBXSourcesBuildPhase section */

/* Begin PBXTargetDependency section */
		A4861E191F07C7BC00480C05 /* PBXTargetDependency */ = {
			isa = PBXTargetDependency;
			target = A4861DFD1F07C7BC00480C05 /* searching-techniques */;
			targetProxy = A4861E181F07C7BC00480C05 /* PBXContainerItemProxy */;
		};
/* End PBXTargetDependency section */

/* Begin PBXVariantGroup section */
		A4861E0A1F07C7BC00480C05 /* Main.storyboard */ = {
			isa = PBXVariantGroup;
			children = (
				A4861E0B1F07C7BC00480C05 /* Base */,
			);
			name = Main.storyboard;
			sourceTree = "<group>";
		};
		A4861E0F1F07C7BC00480C05 /* LaunchScreen.storyboard */ = {
			isa = PBXVariantGroup;
			children = (
				A4861E101F07C7BC00480C05 /* Base */,
			);
			name = LaunchScreen.storyboard;
			sourceTree = "<group>";
		};
/* End PBXVariantGroup section */

/* Begin XCBuildConfiguration section */
		A4861E1E1F07C7BC00480C05 /* Debug */ = {
			isa = XCBuildConfiguration;
			buildSettings = {
				ALWAYS_SEARCH_USER_PATHS = NO;
				CLANG_ANALYZER_NONNULL = YES;
				CLANG_ANALYZER_NUMBER_OBJECT_CONVERSION = YES_AGGRESSIVE;
				CLANG_CXX_LANGUAGE_STANDARD = "gnu++0x";
				CLANG_CXX_LIBRARY = "libc++";
				CLANG_ENABLE_CODE_COVERAGE = YES;
				CLANG_ENABLE_MODULES = YES;
				CLANG_ENABLE_OBJC_ARC = YES;
				CLANG_WARN_BOOL_CONVERSION = YES;
				CLANG_WARN_CONSTANT_CONVERSION = YES;
				CLANG_WARN_DIRECT_OBJC_ISA_USAGE = YES_ERROR;
				CLANG_WARN_DOCUMENTATION_COMMENTS = YES;
				CLANG_WARN_EMPTY_BODY = YES;
				CLANG_WARN_ENUM_CONVERSION = YES;
				CLANG_WARN_INFINITE_RECURSION = YES;
				CLANG_WARN_INT_CONVERSION = YES;
				CLANG_WARN_OBJC_ROOT_CLASS = YES_ERROR;
				CLANG_WARN_SUSPICIOUS_MOVE = YES;
				CLANG_WARN_UNREACHABLE_CODE = YES;
				CLANG_WARN__DUPLICATE_METHOD_MATCH = YES;
				"CODE_SIGN_IDENTITY[sdk=iphoneos*]" = "iPhone Developer";
				COPY_PHASE_STRIP = NO;
				DEBUG_INFORMATION_FORMAT = dwarf;
				ENABLE_STRICT_OBJC_MSGSEND = YES;
				ENABLE_TESTABILITY = YES;
				GCC_C_LANGUAGE_STANDARD = gnu99;
				GCC_DYNAMIC_NO_PIC = NO;
				GCC_NO_COMMON_BLOCKS = YES;
				GCC_OPTIMIZATION_LEVEL = 0;
				GCC_PREPROCESSOR_DEFINITIONS = (
					"DEBUG=1",
					"$(inherited)",
				);
				GCC_WARN_64_TO_32_BIT_CONVERSION = YES;
				GCC_WARN_ABOUT_RETURN_TYPE = YES_ERROR;
				GCC_WARN_UNDECLARED_SELECTOR = YES;
				GCC_WARN_UNINITIALIZED_AUTOS = YES_AGGRESSIVE;
				GCC_WARN_UNUSED_FUNCTION = YES;
				GCC_WARN_UNUSED_VARIABLE = YES;
				IPHONEOS_DEPLOYMENT_TARGET = 9.0;
				MTL_ENABLE_DEBUG_INFO = YES;
				ONLY_ACTIVE_ARCH = YES;
				SDKROOT = iphoneos;
				TARGETED_DEVICE_FAMILY = "1,2";
			};
			name = Debug;
		};
		A4861E1F1F07C7BC00480C05 /* Release */ = {
			isa = XCBuildConfiguration;
			buildSettings = {
				ALWAYS_SEARCH_USER_PATHS = NO;
				CLANG_ANALYZER_NONNULL = YES;
				CLANG_ANALYZER_NUMBER_OBJECT_CONVERSION = YES_AGGRESSIVE;
				CLANG_CXX_LANGUAGE_STANDARD = "gnu++0x";
				CLANG_CXX_LIBRARY = "libc++";
				CLANG_ENABLE_CODE_COVERAGE = YES;
				CLANG_ENABLE_MODULES = YES;
				CLANG_ENABLE_OBJC_ARC = YES;
				CLANG_WARN_BOOL_CONVERSION = YES;
				CLANG_WARN_CONSTANT_CONVERSION = YES;
				CLANG_WARN_DIRECT_OBJC_ISA_USAGE = YES_ERROR;
				CLANG_WARN_DOCUMENTATION_COMMENTS = YES;
				CLANG_WARN_EMPTY_BODY = YES;
				CLANG_WARN_ENUM_CONVERSION = YES;
				CLANG_WARN_INFINITE_RECURSION = YES;
				CLANG_WARN_INT_CONVERSION = YES;
				CLANG_WARN_OBJC_ROOT_CLASS = YES_ERROR;
				CLANG_WARN_SUSPICIOUS_MOVE = YES;
				CLANG_WARN_UNREACHABLE_CODE = YES;
				CLANG_WARN__DUPLICATE_METHOD_MATCH = YES;
				"CODE_SIGN_IDENTITY[sdk=iphoneos*]" = "iPhone Developer";
				COPY_PHASE_STRIP = NO;
				DEBUG_INFORMATION_FORMAT = "dwarf-with-dsym";
				ENABLE_NS_ASSERTIONS = NO;
				ENABLE_STRICT_OBJC_MSGSEND = YES;
				GCC_C_LANGUAGE_STANDARD = gnu99;
				GCC_NO_COMMON_BLOCKS = YES;
				GCC_WARN_64_TO_32_BIT_CONVERSION = YES;
				GCC_WARN_ABOUT_RETURN_TYPE = YES_ERROR;
				GCC_WARN_UNDECLARED_SELECTOR = YES;
				GCC_WARN_UNINITIALIZED_AUTOS = YES_AGGRESSIVE;
				GCC_WARN_UNUSED_FUNCTION = YES;
				GCC_WARN_UNUSED_VARIABLE = YES;
				IPHONEOS_DEPLOYMENT_TARGET = 9.0;
				MTL_ENABLE_DEBUG_INFO = NO;
				SDKROOT = iphoneos;
				TARGETED_DEVICE_FAMILY = "1,2";
				VALIDATE_PRODUCT = YES;
			};
			name = Release;
		};
		A4861E211F07C7BC00480C05 /* Debug */ = {
			isa = XCBuildConfiguration;
			baseConfigurationReference = 1C103F34959E3F156D8F1E8F /* Pods-searching-techniques.debug.xcconfig */;
			buildSettings = {
				ASSETCATALOG_COMPILER_APPICON_NAME = AppIcon;
				INFOPLIST_FILE = "searching-techniques/Info.plist";
				LD_RUNPATH_SEARCH_PATHS = "$(inherited) @executable_path/Frameworks";
				PRODUCT_BUNDLE_IDENTIFIER = "com.abdullahselek.searching-techniques";
				PRODUCT_NAME = "$(TARGET_NAME)";
			};
			name = Debug;
		};
		A4861E221F07C7BC00480C05 /* Release */ = {
			isa = XCBuildConfiguration;
			baseConfigurationReference = B254FE6F4F0A2F5D4548FA36 /* Pods-searching-techniques.release.xcconfig */;
			buildSettings = {
				ASSETCATALOG_COMPILER_APPICON_NAME = AppIcon;
				INFOPLIST_FILE = "searching-techniques/Info.plist";
				LD_RUNPATH_SEARCH_PATHS = "$(inherited) @executable_path/Frameworks";
				PRODUCT_BUNDLE_IDENTIFIER = "com.abdullahselek.searching-techniques";
				PRODUCT_NAME = "$(TARGET_NAME)";
			};
			name = Release;
		};
		A4861E241F07C7BC00480C05 /* Debug */ = {
			isa = XCBuildConfiguration;
			baseConfigurationReference = 3EBD4EBB2F8DA0BB2193E3FE /* Pods-searching-techniquesTests.debug.xcconfig */;
			buildSettings = {
				BUNDLE_LOADER = "$(TEST_HOST)";
				INFOPLIST_FILE = "searching-techniquesTests/Info.plist";
				LD_RUNPATH_SEARCH_PATHS = "$(inherited) @executable_path/Frameworks @loader_path/Frameworks";
				PRODUCT_BUNDLE_IDENTIFIER = "com.abdullahselek.searching-techniquesTests";
				PRODUCT_NAME = "$(TARGET_NAME)";
				TEST_HOST = "$(BUILT_PRODUCTS_DIR)/searching-techniques.app/searching-techniques";
			};
			name = Debug;
		};
		A4861E251F07C7BC00480C05 /* Release */ = {
			isa = XCBuildConfiguration;
			baseConfigurationReference = 73AB8639317BC87F1FEBAA5B /* Pods-searching-techniquesTests.release.xcconfig */;
			buildSettings = {
				BUNDLE_LOADER = "$(TEST_HOST)";
				INFOPLIST_FILE = "searching-techniquesTests/Info.plist";
				LD_RUNPATH_SEARCH_PATHS = "$(inherited) @executable_path/Frameworks @loader_path/Frameworks";
				PRODUCT_BUNDLE_IDENTIFIER = "com.abdullahselek.searching-techniquesTests";
				PRODUCT_NAME = "$(TARGET_NAME)";
				TEST_HOST = "$(BUILT_PRODUCTS_DIR)/searching-techniques.app/searching-techniques";
			};
			name = Release;
		};
/* End XCBuildConfiguration section */

/* Begin XCConfigurationList section */
		A4861DF91F07C7BC00480C05 /* Build configuration list for PBXProject "searching-techniques" */ = {
			isa = XCConfigurationList;
			buildConfigurations = (
				A4861E1E1F07C7BC00480C05 /* Debug */,
				A4861E1F1F07C7BC00480C05 /* Release */,
			);
			defaultConfigurationIsVisible = 0;
			defaultConfigurationName = Release;
		};
		A4861E201F07C7BC00480C05 /* Build configuration list for PBXNativeTarget "searching-techniques" */ = {
			isa = XCConfigurationList;
			buildConfigurations = (
				A4861E211F07C7BC00480C05 /* Debug */,
				A4861E221F07C7BC00480C05 /* Release */,
			);
			defaultConfigurationIsVisible = 0;
			defaultConfigurationName = Release;
		};
		A4861E231F07C7BC00480C05 /* Build configuration list for PBXNativeTarget "searching-techniquesTests" */ = {
			isa = XCConfigurationList;
			buildConfigurations = (
				A4861E241F07C7BC00480C05 /* Debug */,
				A4861E251F07C7BC00480C05 /* Release */,
			);
			defaultConfigurationIsVisible = 0;
			defaultConfigurationName = Release;
		};
/* End XCConfigurationList section */
	};
	rootObject = A4861DF61F07C7BC00480C05 /* Project object */;
}
